// !$*UTF8*$!
{
	archiveVersion = 1;
	classes = {
	};
	objectVersion = 50;
	objects = {

/* Begin PBXBuildFile section */
		438C2548245E7BC0001D3E9A /* AppDelegate.swift in Sources */ = {isa = PBXBuildFile; fileRef = 438C2547245E7BC0001D3E9A /* AppDelegate.swift */; };
		438C254A245E7BC0001D3E9A /* SceneDelegate.swift in Sources */ = {isa = PBXBuildFile; fileRef = 438C2549245E7BC0001D3E9A /* SceneDelegate.swift */; };
		438C254C245E7BC0001D3E9A /* ContentView.swift in Sources */ = {isa = PBXBuildFile; fileRef = 438C254B245E7BC0001D3E9A /* ContentView.swift */; };
		438C254E245E7BC5001D3E9A /* Assets.xcassets in Resources */ = {isa = PBXBuildFile; fileRef = 438C254D245E7BC5001D3E9A /* Assets.xcassets */; };
		438C2551245E7BC5001D3E9A /* Preview Assets.xcassets in Resources */ = {isa = PBXBuildFile; fileRef = 438C2550245E7BC5001D3E9A /* Preview Assets.xcassets */; };
		438C2554245E7BC5001D3E9A /* LaunchScreen.storyboard in Resources */ = {isa = PBXBuildFile; fileRef = 438C2552245E7BC5001D3E9A /* LaunchScreen.storyboard */; };
/* End PBXBuildFile section */

/* Begin PBXFileReference section */
		438C2544245E7BC0001D3E9A /* Calculations.app */ = {isa = PBXFileReference; explicitFileType = wrapper.application; includeInIndex = 0; path = Calculations.app; sourceTree = BUILT_PRODUCTS_DIR; };
		438C2547245E7BC0001D3E9A /* AppDelegate.swift */ = {isa = PBXFileReference; lastKnownFileType = sourcecode.swift; path = AppDelegate.swift; sourceTree = "<group>"; };
		438C2549245E7BC0001D3E9A /* SceneDelegate.swift */ = {isa = PBXFileReference; lastKnownFileType = sourcecode.swift; path = SceneDelegate.swift; sourceTree = "<group>"; };
		438C254B245E7BC0001D3E9A /* ContentView.swift */ = {isa = PBXFileReference; lastKnownFileType = sourcecode.swift; path = ContentView.swift; sourceTree = "<group>"; };
		438C254D245E7BC5001D3E9A /* Assets.xcassets */ = {isa = PBXFileReference; lastKnownFileType = folder.assetcatalog; path = Assets.xcassets; sourceTree = "<group>"; };
		438C2550245E7BC5001D3E9A /* Preview Assets.xcassets */ = {isa = PBXFileReference; lastKnownFileType = folder.assetcatalog; path = "Preview Assets.xcassets"; sourceTree = "<group>"; };
		438C2553245E7BC5001D3E9A /* Base */ = {isa = PBXFileReference; lastKnownFileType = file.storyboard; name = Base; path = Base.lproj/LaunchScreen.storyboard; sourceTree = "<group>"; };
		438C2555245E7BC5001D3E9A /* Info.plist */ = {isa = PBXFileReference; lastKnownFileType = text.plist.xml; path = Info.plist; sourceTree = "<group>"; };
/* End PBXFileReference section */

/* Begin PBXFrameworksBuildPhase section */
		438C2541245E7BC0001D3E9A /* Frameworks */ = {
			isa = PBXFrameworksBuildPhase;
			buildActionMask = 2147483647;
			files = (
			);
			runOnlyForDeploymentPostprocessing = 0;
		};
/* End PBXFrameworksBuildPhase section */

/* Begin PBXGroup section */
		438C253B245E7BC0001D3E9A = {
			isa = PBXGroup;
			children = (
				438C2546245E7BC0001D3E9A /* Calculations */,
				438C2545245E7BC0001D3E9A /* Products */,
			);
			sourceTree = "<group>";
		};
		438C2545245E7BC0001D3E9A /* Products */ = {
			isa = PBXGroup;
			children = (
				438C2544245E7BC0001D3E9A /* Calculations.app */,
			);
			name = Products;
			sourceTree = "<group>";
		};
		438C2546245E7BC0001D3E9A /* Calculations */ = {
			isa = PBXGroup;
			children = (
				438C2547245E7BC0001D3E9A /* AppDelegate.swift */,
				438C2549245E7BC0001D3E9A /* SceneDelegate.swift */,
				438C254B245E7BC0001D3E9A /* ContentView.swift */,
				438C254D245E7BC5001D3E9A /* Assets.xcassets */,
				438C2552245E7BC5001D3E9A /* LaunchScreen.storyboard */,
				438C2555245E7BC5001D3E9A /* Info.plist */,
				438C254F245E7BC5001D3E9A /* Preview Content */,
			);
			path = Calculations;
			sourceTree = "<group>";
		};
		438C254F245E7BC5001D3E9A /* Preview Content */ = {
			isa = PBXGroup;
			children = (
				438C2550245E7BC5001D3E9A /* Preview Assets.xcassets */,
			);
			path = "Preview Content";
			sourceTree = "<group>";
		};
/* End PBXGroup section */

/* Begin PBXNativeTarget section */
		438C2543245E7BC0001D3E9A /* Calculations */ = {
			isa = PBXNativeTarget;
			buildConfigurationList = 438C2558245E7BC5001D3E9A /* Build configuration list for PBXNativeTarget "Calculations" */;
			buildPhases = (
				438C2540245E7BC0001D3E9A /* Sources */,
				438C2541245E7BC0001D3E9A /* Frameworks */,
				438C2542245E7BC0001D3E9A /* Resources */,
			);
			buildRules = (
			);
			dependencies = (
			);
			name = Calculations;
			productName = Calculations;
			productReference = 438C2544245E7BC0001D3E9A /* Calculations.app */;
			productType = "com.apple.product-type.application";
		};
/* End PBXNativeTarget section */

/* Begin PBXProject section */
		438C253C245E7BC0001D3E9A /* Project object */ = {
			isa = PBXProject;
			attributes = {
				LastSwiftUpdateCheck = 1140;
				LastUpgradeCheck = 1140;
				ORGANIZATIONNAME = Saipurva;
				TargetAttributes = {
					438C2543245E7BC0001D3E9A = {
						CreatedOnToolsVersion = 11.4.1;
					};
				};
			};
			buildConfigurationList = 438C253F245E7BC0001D3E9A /* Build configuration list for PBXProject "Calculations" */;
			compatibilityVersion = "Xcode 9.3";
			developmentRegion = en;
			hasScannedForEncodings = 0;
			knownRegions = (
				en,
				Base,
			);
			mainGroup = 438C253B245E7BC0001D3E9A;
			productRefGroup = 438C2545245E7BC0001D3E9A /* Products */;
			projectDirPath = "";
			projectRoot = "";
			targets = (
				438C2543245E7BC0001D3E9A /* Calculations */,
			);
		};
/* End PBXProject section */

/* Begin PBXResourcesBuildPhase section */
		438C2542245E7BC0001D3E9A /* Resources */ = {
			isa = PBXResourcesBuildPhase;
			buildActionMask = 2147483647;
			files = (
				438C2554245E7BC5001D3E9A /* LaunchScreen.storyboard in Resources */,
				438C2551245E7BC5001D3E9A /* Preview Assets.xcassets in Resources */,
				438C254E245E7BC5001D3E9A /* Assets.xcassets in Resources */,
			);
			runOnlyForDeploymentPostprocessing = 0;
		};
/* End PBXResourcesBuildPhase section */

/* Begin PBXSourcesBuildPhase section */
		438C2540245E7BC0001D3E9A /* Sources */ = {
			isa = PBXSourcesBuildPhase;
			buildActionMask = 2147483647;
			files = (
				438C2548245E7BC0001D3E9A /* AppDelegate.swift in Sources */,
				438C254A245E7BC0001D3E9A /* SceneDelegate.swift in Sources */,
				438C254C245E7BC0001D3E9A /* ContentView.swift in Sources */,
			);
			runOnlyForDeploymentPostprocessing = 0;
		};
/* End PBXSourcesBuildPhase section */

/* Begin PBXVariantGroup section */
		438C2552245E7BC5001D3E9A /* LaunchScreen.storyboard */ = {
			isa = PBXVariantGroup;
			children = (
				438C2553245E7BC5001D3E9A /* Base */,
			);
			name = LaunchScreen.storyboard;
			sourceTree = "<group>";
		};
/* End PBXVariantGroup section */

/* Begin XCBuildConfiguration section */
		438C2556245E7BC5001D3E9A /* Debug */ = {
			isa = XCBuildConfiguration;
			buildSettings = {
				ALWAYS_SEARCH_USER_PATHS = NO;
				CLANG_ANALYZER_NONNULL = YES;
				CLANG_ANALYZER_NUMBER_OBJECT_CONVERSION = YES_AGGRESSIVE;
				CLANG_CXX_LANGUAGE_STANDARD = "gnu++14";
				CLANG_CXX_LIBRARY = "libc++";
				CLANG_ENABLE_MODULES = YES;
				CLANG_ENABLE_OBJC_ARC = YES;
				CLANG_ENABLE_OBJC_WEAK = YES;
				CLANG_WARN_BLOCK_CAPTURE_AUTORELEASING = YES;
				CLANG_WARN_BOOL_CONVERSION = YES;
				CLANG_WARN_COMMA = YES;
				CLANG_WARN_CONSTANT_CONVERSION = YES;
				CLANG_WARN_DEPRECATED_OBJC_IMPLEMENTATIONS = YES;
				CLANG_WARN_DIRECT_OBJC_ISA_USAGE = YES_ERROR;
				CLANG_WARN_DOCUMENTATION_COMMENTS = YES;
				CLANG_WARN_EMPTY_BODY = YES;
				CLANG_WARN_ENUM_CONVERSION = YES;
				CLANG_WARN_INFINITE_RECURSION = YES;
				CLANG_WARN_INT_CONVERSION = YES;
				CLANG_WARN_NON_LITERAL_NULL_CONVERSION = YES;
				CLANG_WARN_OBJC_IMPLICIT_RETAIN_SELF = YES;
				CLANG_WARN_OBJC_LITERAL_CONVERSION = YES;
				CLANG_WARN_OBJC_ROOT_CLASS = YES_ERROR;
				CLANG_WARN_RANGE_LOOP_ANALYSIS = YES;
				CLANG_WARN_STRICT_PROTOTYPES = YES;
				CLANG_WARN_SUSPICIOUS_MOVE = YES;
				CLANG_WARN_UNGUARDED_AVAILABILITY = YES_AGGRESSIVE;
				CLANG_WARN_UNREACHABLE_CODE = YES;
				CLANG_WARN__DUPLICATE_METHOD_MATCH = YES;
				COPY_PHASE_STRIP = NO;
				DEBUG_INFORMATION_FORMAT = dwarf;
				ENABLE_STRICT_OBJC_MSGSEND = YES;
				ENABLE_TESTABILITY = YES;
				GCC_C_LANGUAGE_STANDARD = gnu11;
				GCC_DYNAMIC_NO_PIC = NO;
				GCC_NO_COMMON_BLOCKS = YES;
				GCC_OPTIMIZATION_LEVEL = 0;
				GCC_PREPROCESSOR_DEFINITIONS = (
					"DEBUG=1",
					"$(inherited)",
				);
				GCC_WARN_64_TO_32_BIT_CONVERSION = YES;
				GCC_WARN_ABOUT_RETURN_TYPE = YES_ERROR;
				GCC_WARN_UNDECLARED_SELECTOR = YES;
				GCC_WARN_UNINITIALIZED_AUTOS = YES_AGGRESSIVE;
				GCC_WARN_UNUSED_FUNCTION = YES;
				GCC_WARN_UNUSED_VARIABLE = YES;
				IPHONEOS_DEPLOYMENT_TARGET = 13.4;
				MTL_ENABLE_DEBUG_INFO = INCLUDE_SOURCE;
				MTL_FAST_MATH = YES;
				ONLY_ACTIVE_ARCH = YES;
				SDKROOT = iphoneos;
				SWIFT_ACTIVE_COMPILATION_CONDITIONS = DEBUG;
				SWIFT_OPTIMIZATION_LEVEL = "-Onone";
			};
			name = Debug;
		};
		438C2557245E7BC5001D3E9A /* Release */ = {
			isa = XCBuildConfiguration;
			buildSettings = {
				ALWAYS_SEARCH_USER_PATHS = NO;
				CLANG_ANALYZER_NONNULL = YES;
				CLANG_ANALYZER_NUMBER_OBJECT_CONVERSION = YES_AGGRESSIVE;
				CLANG_CXX_LANGUAGE_STANDARD = "gnu++14";
				CLANG_CXX_LIBRARY = "libc++";
				CLANG_ENABLE_MODULES = YES;
				CLANG_ENABLE_OBJC_ARC = YES;
				CLANG_ENABLE_OBJC_WEAK = YES;
				CLANG_WARN_BLOCK_CAPTURE_AUTORELEASING = YES;
				CLANG_WARN_BOOL_CONVERSION = YES;
				CLANG_WARN_COMMA = YES;
				CLANG_WARN_CONSTANT_CONVERSION = YES;
				CLANG_WARN_DEPRECATED_OBJC_IMPLEMENTATIONS = YES;
				CLANG_WARN_DIRECT_OBJC_ISA_USAGE = YES_ERROR;
				CLANG_WARN_DOCUMENTATION_COMMENTS = YES;
				CLANG_WARN_EMPTY_BODY = YES;
				CLANG_WARN_ENUM_CONVERSION = YES;
				CLANG_WARN_INFINITE_RECURSION = YES;
				CLANG_WARN_INT_CONVERSION = YES;
				CLANG_WARN_NON_LITERAL_NULL_CONVERSION = YES;
				CLANG_WARN_OBJC_IMPLICIT_RETAIN_SELF = YES;
				CLANG_WARN_OBJC_LITERAL_CONVERSION = YES;
				CLANG_WARN_OBJC_ROOT_CLASS = YES_ERROR;
				CLANG_WARN_RANGE_LOOP_ANALYSIS = YES;
				CLANG_WARN_STRICT_PROTOTYPES = YES;
				CLANG_WARN_SUSPICIOUS_MOVE = YES;
				CLANG_WARN_UNGUARDED_AVAILABILITY = YES_AGGRESSIVE;
				CLANG_WARN_UNREACHABLE_CODE = YES;
				CLANG_WARN__DUPLICATE_METHOD_MATCH = YES;
				COPY_PHASE_STRIP = NO;
				DEBUG_INFORMATION_FORMAT = "dwarf-with-dsym";
				ENABLE_NS_ASSERTIONS = NO;
				ENABLE_STRICT_OBJC_MSGSEND = YES;
				GCC_C_LANGUAGE_STANDARD = gnu11;
				GCC_NO_COMMON_BLOCKS = YES;
				GCC_WARN_64_TO_32_BIT_CONVERSION = YES;
				GCC_WARN_ABOUT_RETURN_TYPE = YES_ERROR;
				GCC_WARN_UNDECLARED_SELECTOR = YES;
				GCC_WARN_UNINITIALIZED_AUTOS = YES_AGGRESSIVE;
				GCC_WARN_UNUSED_FUNCTION = YES;
				GCC_WARN_UNUSED_VARIABLE = YES;
				IPHONEOS_DEPLOYMENT_TARGET = 13.4;
				MTL_ENABLE_DEBUG_INFO = NO;
				MTL_FAST_MATH = YES;
				SDKROOT = iphoneos;
				SWIFT_COMPILATION_MODE = wholemodule;
				SWIFT_OPTIMIZATION_LEVEL = "-O";
				VALIDATE_PRODUCT = YES;
			};
			name = Release;
		};
		438C2559245E7BC5001D3E9A /* Debug */ = {
			isa = XCBuildConfiguration;
			buildSettings = {
				ASSETCATALOG_COMPILER_APPICON_NAME = AppIcon;
				CODE_SIGN_STYLE = Automatic;
				DEVELOPMENT_ASSET_PATHS = "\"Calculations/Preview Content\"";
				DEVELOPMENT_TEAM = JUQ5FG4GNU;
				ENABLE_PREVIEWS = YES;
				INFOPLIST_FILE = Calculations/Info.plist;
				LD_RUNPATH_SEARCH_PATHS = (
					"$(inherited)",
					"@executable_path/Frameworks",
				);
				PRODUCT_BUNDLE_IDENTIFIER = saipurva.Calculations;
				PRODUCT_NAME = "$(TARGET_NAME)";
				SWIFT_VERSION = 5.0;
				TARGETED_DEVICE_FAMILY = "1,2";
			};
			name = Debug;
		};
		438C255A245E7BC5001D3E9A /* Release */ = {
			isa = XCBuildConfiguration;
			buildSettings = {
				ASSETCATALOG_COMPILER_APPICON_NAME = AppIcon;
				CODE_SIGN_STYLE = Automatic;
				DEVELOPMENT_ASSET_PATHS = "\"Calculations/Preview Content\"";
				DEVELOPMENT_TEAM = JUQ5FG4GNU;
				ENABLE_PREVIEWS = YES;
				INFOPLIST_FILE = Calculations/Info.plist;
				LD_RUNPATH_SEARCH_PATHS = (
					"$(inherited)",
					"@executable_path/Frameworks",
				);
				PRODUCT_BUNDLE_IDENTIFIER = saipurva.Calculations;
				PRODUCT_NAME = "$(TARGET_NAME)";
				SWIFT_VERSION = 5.0;
				TARGETED_DEVICE_FAMILY = "1,2";
			};
			name = Release;
		};
/* End XCBuildConfiguration section */

/* Begin XCConfigurationList section */
		438C253F245E7BC0001D3E9A /* Build configuration list for PBXProject "Calculations" */ = {
			isa = XCConfigurationList;
			buildConfigurations = (
				438C2556245E7BC5001D3E9A /* Debug */,
				438C2557245E7BC5001D3E9A /* Release */,
			);
			defaultConfigurationIsVisible = 0;
			defaultConfigurationName = Release;
		};
		438C2558245E7BC5001D3E9A /* Build configuration list for PBXNativeTarget "Calculations" */ = {
			isa = XCConfigurationList;
			buildConfigurations = (
				438C2559245E7BC5001D3E9A /* Debug */,
				438C255A245E7BC5001D3E9A /* Release */,
			);
			defaultConfigurationIsVisible = 0;
			defaultConfigurationName = Release;
		};
/* End XCConfigurationList section */
	};
	rootObject = 438C253C245E7BC0001D3E9A /* Project object */;
}
