// !$*UTF8*$!
{
	archiveVersion = 1;
	classes = {
	};
	objectVersion = 50;
	objects = {

/* Begin PBXBuildFile section */
		43267740247CE0D00036C60E /* AppDelegate.swift in Sources */ = {isa = PBXBuildFile; fileRef = 4326773F247CE0D00036C60E /* AppDelegate.swift */; };
		43267742247CE0D00036C60E /* SceneDelegate.swift in Sources */ = {isa = PBXBuildFile; fileRef = 43267741247CE0D00036C60E /* SceneDelegate.swift */; };
		43267745247CE0D00036C60E /* CoreDataChallenges.xcdatamodeld in Sources */ = {isa = PBXBuildFile; fileRef = 43267743247CE0D00036C60E /* CoreDataChallenges.xcdatamodeld */; };
		43267747247CE0D00036C60E /* ContentView.swift in Sources */ = {isa = PBXBuildFile; fileRef = 43267746247CE0D00036C60E /* ContentView.swift */; };
		43267749247CE0D20036C60E /* Assets.xcassets in Resources */ = {isa = PBXBuildFile; fileRef = 43267748247CE0D20036C60E /* Assets.xcassets */; };
		4326774C247CE0D20036C60E /* Preview Assets.xcassets in Resources */ = {isa = PBXBuildFile; fileRef = 4326774B247CE0D20036C60E /* Preview Assets.xcassets */; };
		4326774F247CE0D20036C60E /* LaunchScreen.storyboard in Resources */ = {isa = PBXBuildFile; fileRef = 4326774D247CE0D20036C60E /* LaunchScreen.storyboard */; };
		43267758247CED680036C60E /* Singer+CoreDataClass.swift in Sources */ = {isa = PBXBuildFile; fileRef = 43267756247CED680036C60E /* Singer+CoreDataClass.swift */; };
		43267759247CED680036C60E /* Singer+CoreDataProperties.swift in Sources */ = {isa = PBXBuildFile; fileRef = 43267757247CED680036C60E /* Singer+CoreDataProperties.swift */; };
		4326775B247CEF5A0036C60E /* FilteredList.swift in Sources */ = {isa = PBXBuildFile; fileRef = 4326775A247CEF5A0036C60E /* FilteredList.swift */; };
		4326775E247D2F670036C60E /* FilteringType.swift in Sources */ = {isa = PBXBuildFile; fileRef = 4326775D247D2F670036C60E /* FilteringType.swift */; };
/* End PBXBuildFile section */

/* Begin PBXFileReference section */
		4326773C247CE0D00036C60E /* CoreDataChallenges.app */ = {isa = PBXFileReference; explicitFileType = wrapper.application; includeInIndex = 0; path = CoreDataChallenges.app; sourceTree = BUILT_PRODUCTS_DIR; };
		4326773F247CE0D00036C60E /* AppDelegate.swift */ = {isa = PBXFileReference; lastKnownFileType = sourcecode.swift; path = AppDelegate.swift; sourceTree = "<group>"; };
		43267741247CE0D00036C60E /* SceneDelegate.swift */ = {isa = PBXFileReference; lastKnownFileType = sourcecode.swift; path = SceneDelegate.swift; sourceTree = "<group>"; };
		43267744247CE0D00036C60E /* CoreDataChallenges.xcdatamodel */ = {isa = PBXFileReference; lastKnownFileType = wrapper.xcdatamodel; path = CoreDataChallenges.xcdatamodel; sourceTree = "<group>"; };
		43267746247CE0D00036C60E /* ContentView.swift */ = {isa = PBXFileReference; lastKnownFileType = sourcecode.swift; path = ContentView.swift; sourceTree = "<group>"; };
		43267748247CE0D20036C60E /* Assets.xcassets */ = {isa = PBXFileReference; lastKnownFileType = folder.assetcatalog; path = Assets.xcassets; sourceTree = "<group>"; };
		4326774B247CE0D20036C60E /* Preview Assets.xcassets */ = {isa = PBXFileReference; lastKnownFileType = folder.assetcatalog; path = "Preview Assets.xcassets"; sourceTree = "<group>"; };
		4326774E247CE0D20036C60E /* Base */ = {isa = PBXFileReference; lastKnownFileType = file.storyboard; name = Base; path = Base.lproj/LaunchScreen.storyboard; sourceTree = "<group>"; };
		43267750247CE0D20036C60E /* Info.plist */ = {isa = PBXFileReference; lastKnownFileType = text.plist.xml; path = Info.plist; sourceTree = "<group>"; };
		43267756247CED680036C60E /* Singer+CoreDataClass.swift */ = {isa = PBXFileReference; lastKnownFileType = sourcecode.swift; path = "Singer+CoreDataClass.swift"; sourceTree = "<group>"; };
		43267757247CED680036C60E /* Singer+CoreDataProperties.swift */ = {isa = PBXFileReference; lastKnownFileType = sourcecode.swift; path = "Singer+CoreDataProperties.swift"; sourceTree = "<group>"; };
		4326775A247CEF5A0036C60E /* FilteredList.swift */ = {isa = PBXFileReference; lastKnownFileType = sourcecode.swift; path = FilteredList.swift; sourceTree = "<group>"; };
		4326775D247D2F670036C60E /* FilteringType.swift */ = {isa = PBXFileReference; lastKnownFileType = sourcecode.swift; path = FilteringType.swift; sourceTree = SOURCE_ROOT; };
/* End PBXFileReference section */

/* Begin PBXFrameworksBuildPhase section */
		43267739247CE0D00036C60E /* Frameworks */ = {
			isa = PBXFrameworksBuildPhase;
			buildActionMask = 2147483647;
			files = (
			);
			runOnlyForDeploymentPostprocessing = 0;
		};
/* End PBXFrameworksBuildPhase section */

/* Begin PBXGroup section */
		43267733247CE0D00036C60E = {
			isa = PBXGroup;
			children = (
				4326773E247CE0D00036C60E /* CoreDataChallenges */,
				4326773D247CE0D00036C60E /* Products */,
			);
			sourceTree = "<group>";
		};
		4326773D247CE0D00036C60E /* Products */ = {
			isa = PBXGroup;
			children = (
				4326773C247CE0D00036C60E /* CoreDataChallenges.app */,
			);
			name = Products;
			sourceTree = "<group>";
		};
		4326773E247CE0D00036C60E /* CoreDataChallenges */ = {
			isa = PBXGroup;
			children = (
				4326775D247D2F670036C60E /* FilteringType.swift */,
				43267756247CED680036C60E /* Singer+CoreDataClass.swift */,
				43267757247CED680036C60E /* Singer+CoreDataProperties.swift */,
				4326773F247CE0D00036C60E /* AppDelegate.swift */,
				43267741247CE0D00036C60E /* SceneDelegate.swift */,
				43267746247CE0D00036C60E /* ContentView.swift */,
				4326775A247CEF5A0036C60E /* FilteredList.swift */,
				43267748247CE0D20036C60E /* Assets.xcassets */,
				4326774D247CE0D20036C60E /* LaunchScreen.storyboard */,
				43267750247CE0D20036C60E /* Info.plist */,
				43267743247CE0D00036C60E /* CoreDataChallenges.xcdatamodeld */,
				4326774A247CE0D20036C60E /* Preview Content */,
			);
			path = CoreDataChallenges;
			sourceTree = "<group>";
		};
		4326774A247CE0D20036C60E /* Preview Content */ = {
			isa = PBXGroup;
			children = (
				4326774B247CE0D20036C60E /* Preview Assets.xcassets */,
			);
			path = "Preview Content";
			sourceTree = "<group>";
		};
/* End PBXGroup section */

/* Begin PBXNativeTarget section */
		4326773B247CE0D00036C60E /* CoreDataChallenges */ = {
			isa = PBXNativeTarget;
			buildConfigurationList = 43267753247CE0D20036C60E /* Build configuration list for PBXNativeTarget "CoreDataChallenges" */;
			buildPhases = (
				43267738247CE0D00036C60E /* Sources */,
				43267739247CE0D00036C60E /* Frameworks */,
				4326773A247CE0D00036C60E /* Resources */,
			);
			buildRules = (
			);
			dependencies = (
			);
			name = CoreDataChallenges;
			productName = CoreDataChallenges;
			productReference = 4326773C247CE0D00036C60E /* CoreDataChallenges.app */;
			productType = "com.apple.product-type.application";
		};
/* End PBXNativeTarget section */

/* Begin PBXProject section */
		43267734247CE0D00036C60E /* Project object */ = {
			isa = PBXProject;
			attributes = {
				LastSwiftUpdateCheck = 1150;
				LastUpgradeCheck = 1150;
				ORGANIZATIONNAME = Saipurva;
				TargetAttributes = {
					4326773B247CE0D00036C60E = {
						CreatedOnToolsVersion = 11.5;
					};
				};
			};
			buildConfigurationList = 43267737247CE0D00036C60E /* Build configuration list for PBXProject "CoreDataChallenges" */;
			compatibilityVersion = "Xcode 9.3";
			developmentRegion = en;
			hasScannedForEncodings = 0;
			knownRegions = (
				en,
				Base,
			);
			mainGroup = 43267733247CE0D00036C60E;
			productRefGroup = 4326773D247CE0D00036C60E /* Products */;
			projectDirPath = "";
			projectRoot = "";
			targets = (
				4326773B247CE0D00036C60E /* CoreDataChallenges */,
			);
		};
/* End PBXProject section */

/* Begin PBXResourcesBuildPhase section */
		4326773A247CE0D00036C60E /* Resources */ = {
			isa = PBXResourcesBuildPhase;
			buildActionMask = 2147483647;
			files = (
				4326774F247CE0D20036C60E /* LaunchScreen.storyboard in Resources */,
				4326774C247CE0D20036C60E /* Preview Assets.xcassets in Resources */,
				43267749247CE0D20036C60E /* Assets.xcassets in Resources */,
			);
			runOnlyForDeploymentPostprocessing = 0;
		};
/* End PBXResourcesBuildPhase section */

/* Begin PBXSourcesBuildPhase section */
		43267738247CE0D00036C60E /* Sources */ = {
			isa = PBXSourcesBuildPhase;
			buildActionMask = 2147483647;
			files = (
				43267740247CE0D00036C60E /* AppDelegate.swift in Sources */,
				43267759247CED680036C60E /* Singer+CoreDataProperties.swift in Sources */,
				43267745247CE0D00036C60E /* CoreDataChallenges.xcdatamodeld in Sources */,
				43267758247CED680036C60E /* Singer+CoreDataClass.swift in Sources */,
				4326775E247D2F670036C60E /* FilteringType.swift in Sources */,
				43267747247CE0D00036C60E /* ContentView.swift in Sources */,
				43267742247CE0D00036C60E /* SceneDelegate.swift in Sources */,
				4326775B247CEF5A0036C60E /* FilteredList.swift in Sources */,
			);
			runOnlyForDeploymentPostprocessing = 0;
		};
/* End PBXSourcesBuildPhase section */

/* Begin PBXVariantGroup section */
		4326774D247CE0D20036C60E /* LaunchScreen.storyboard */ = {
			isa = PBXVariantGroup;
			children = (
				4326774E247CE0D20036C60E /* Base */,
			);
			name = LaunchScreen.storyboard;
			sourceTree = "<group>";
		};
/* End PBXVariantGroup section */

/* Begin XCBuildConfiguration section */
		43267751247CE0D20036C60E /* Debug */ = {
			isa = XCBuildConfiguration;
			buildSettings = {
				ALWAYS_SEARCH_USER_PATHS = NO;
				CLANG_ANALYZER_NONNULL = YES;
				CLANG_ANALYZER_NUMBER_OBJECT_CONVERSION = YES_AGGRESSIVE;
				CLANG_CXX_LANGUAGE_STANDARD = "gnu++14";
				CLANG_CXX_LIBRARY = "libc++";
				CLANG_ENABLE_MODULES = YES;
				CLANG_ENABLE_OBJC_ARC = YES;
				CLANG_ENABLE_OBJC_WEAK = YES;
				CLANG_WARN_BLOCK_CAPTURE_AUTORELEASING = YES;
				CLANG_WARN_BOOL_CONVERSION = YES;
				CLANG_WARN_COMMA = YES;
				CLANG_WARN_CONSTANT_CONVERSION = YES;
				CLANG_WARN_DEPRECATED_OBJC_IMPLEMENTATIONS = YES;
				CLANG_WARN_DIRECT_OBJC_ISA_USAGE = YES_ERROR;
				CLANG_WARN_DOCUMENTATION_COMMENTS = YES;
				CLANG_WARN_EMPTY_BODY = YES;
				CLANG_WARN_ENUM_CONVERSION = YES;
				CLANG_WARN_INFINITE_RECURSION = YES;
				CLANG_WARN_INT_CONVERSION = YES;
				CLANG_WARN_NON_LITERAL_NULL_CONVERSION = YES;
				CLANG_WARN_OBJC_IMPLICIT_RETAIN_SELF = YES;
				CLANG_WARN_OBJC_LITERAL_CONVERSION = YES;
				CLANG_WARN_OBJC_ROOT_CLASS = YES_ERROR;
				CLANG_WARN_RANGE_LOOP_ANALYSIS = YES;
				CLANG_WARN_STRICT_PROTOTYPES = YES;
				CLANG_WARN_SUSPICIOUS_MOVE = YES;
				CLANG_WARN_UNGUARDED_AVAILABILITY = YES_AGGRESSIVE;
				CLANG_WARN_UNREACHABLE_CODE = YES;
				CLANG_WARN__DUPLICATE_METHOD_MATCH = YES;
				COPY_PHASE_STRIP = NO;
				DEBUG_INFORMATION_FORMAT = dwarf;
				ENABLE_STRICT_OBJC_MSGSEND = YES;
				ENABLE_TESTABILITY = YES;
				GCC_C_LANGUAGE_STANDARD = gnu11;
				GCC_DYNAMIC_NO_PIC = NO;
				GCC_NO_COMMON_BLOCKS = YES;
				GCC_OPTIMIZATION_LEVEL = 0;
				GCC_PREPROCESSOR_DEFINITIONS = (
					"DEBUG=1",
					"$(inherited)",
				);
				GCC_WARN_64_TO_32_BIT_CONVERSION = YES;
				GCC_WARN_ABOUT_RETURN_TYPE = YES_ERROR;
				GCC_WARN_UNDECLARED_SELECTOR = YES;
				GCC_WARN_UNINITIALIZED_AUTOS = YES_AGGRESSIVE;
				GCC_WARN_UNUSED_FUNCTION = YES;
				GCC_WARN_UNUSED_VARIABLE = YES;
				IPHONEOS_DEPLOYMENT_TARGET = 13.5;
				MTL_ENABLE_DEBUG_INFO = INCLUDE_SOURCE;
				MTL_FAST_MATH = YES;
				ONLY_ACTIVE_ARCH = YES;
				SDKROOT = iphoneos;
				SWIFT_ACTIVE_COMPILATION_CONDITIONS = DEBUG;
				SWIFT_OPTIMIZATION_LEVEL = "-Onone";
			};
			name = Debug;
		};
		43267752247CE0D20036C60E /* Release */ = {
			isa = XCBuildConfiguration;
			buildSettings = {
				ALWAYS_SEARCH_USER_PATHS = NO;
				CLANG_ANALYZER_NONNULL = YES;
				CLANG_ANALYZER_NUMBER_OBJECT_CONVERSION = YES_AGGRESSIVE;
				CLANG_CXX_LANGUAGE_STANDARD = "gnu++14";
				CLANG_CXX_LIBRARY = "libc++";
				CLANG_ENABLE_MODULES = YES;
				CLANG_ENABLE_OBJC_ARC = YES;
				CLANG_ENABLE_OBJC_WEAK = YES;
				CLANG_WARN_BLOCK_CAPTURE_AUTORELEASING = YES;
				CLANG_WARN_BOOL_CONVERSION = YES;
				CLANG_WARN_COMMA = YES;
				CLANG_WARN_CONSTANT_CONVERSION = YES;
				CLANG_WARN_DEPRECATED_OBJC_IMPLEMENTATIONS = YES;
				CLANG_WARN_DIRECT_OBJC_ISA_USAGE = YES_ERROR;
				CLANG_WARN_DOCUMENTATION_COMMENTS = YES;
				CLANG_WARN_EMPTY_BODY = YES;
				CLANG_WARN_ENUM_CONVERSION = YES;
				CLANG_WARN_INFINITE_RECURSION = YES;
				CLANG_WARN_INT_CONVERSION = YES;
				CLANG_WARN_NON_LITERAL_NULL_CONVERSION = YES;
				CLANG_WARN_OBJC_IMPLICIT_RETAIN_SELF = YES;
				CLANG_WARN_OBJC_LITERAL_CONVERSION = YES;
				CLANG_WARN_OBJC_ROOT_CLASS = YES_ERROR;
				CLANG_WARN_RANGE_LOOP_ANALYSIS = YES;
				CLANG_WARN_STRICT_PROTOTYPES = YES;
				CLANG_WARN_SUSPICIOUS_MOVE = YES;
				CLANG_WARN_UNGUARDED_AVAILABILITY = YES_AGGRESSIVE;
				CLANG_WARN_UNREACHABLE_CODE = YES;
				CLANG_WARN__DUPLICATE_METHOD_MATCH = YES;
				COPY_PHASE_STRIP = NO;
				DEBUG_INFORMATION_FORMAT = "dwarf-with-dsym";
				ENABLE_NS_ASSERTIONS = NO;
				ENABLE_STRICT_OBJC_MSGSEND = YES;
				GCC_C_LANGUAGE_STANDARD = gnu11;
				GCC_NO_COMMON_BLOCKS = YES;
				GCC_WARN_64_TO_32_BIT_CONVERSION = YES;
				GCC_WARN_ABOUT_RETURN_TYPE = YES_ERROR;
				GCC_WARN_UNDECLARED_SELECTOR = YES;
				GCC_WARN_UNINITIALIZED_AUTOS = YES_AGGRESSIVE;
				GCC_WARN_UNUSED_FUNCTION = YES;
				GCC_WARN_UNUSED_VARIABLE = YES;
				IPHONEOS_DEPLOYMENT_TARGET = 13.5;
				MTL_ENABLE_DEBUG_INFO = NO;
				MTL_FAST_MATH = YES;
				SDKROOT = iphoneos;
				SWIFT_COMPILATION_MODE = wholemodule;
				SWIFT_OPTIMIZATION_LEVEL = "-O";
				VALIDATE_PRODUCT = YES;
			};
			name = Release;
		};
		43267754247CE0D20036C60E /* Debug */ = {
			isa = XCBuildConfiguration;
			buildSettings = {
				ASSETCATALOG_COMPILER_APPICON_NAME = AppIcon;
				CODE_SIGN_STYLE = Automatic;
				DEVELOPMENT_ASSET_PATHS = "\"CoreDataChallenges/Preview Content\"";
				DEVELOPMENT_TEAM = JUQ5FG4GNU;
				ENABLE_PREVIEWS = YES;
				INFOPLIST_FILE = CoreDataChallenges/Info.plist;
				LD_RUNPATH_SEARCH_PATHS = (
					"$(inherited)",
					"@executable_path/Frameworks",
				);
				PRODUCT_BUNDLE_IDENTIFIER = saipurva.CoreDataChallenges;
				PRODUCT_NAME = "$(TARGET_NAME)";
				SWIFT_VERSION = 5.0;
				TARGETED_DEVICE_FAMILY = "1,2";
			};
			name = Debug;
		};
		43267755247CE0D20036C60E /* Release */ = {
			isa = XCBuildConfiguration;
			buildSettings = {
				ASSETCATALOG_COMPILER_APPICON_NAME = AppIcon;
				CODE_SIGN_STYLE = Automatic;
				DEVELOPMENT_ASSET_PATHS = "\"CoreDataChallenges/Preview Content\"";
				DEVELOPMENT_TEAM = JUQ5FG4GNU;
				ENABLE_PREVIEWS = YES;
				INFOPLIST_FILE = CoreDataChallenges/Info.plist;
				LD_RUNPATH_SEARCH_PATHS = (
					"$(inherited)",
					"@executable_path/Frameworks",
				);
				PRODUCT_BUNDLE_IDENTIFIER = saipurva.CoreDataChallenges;
				PRODUCT_NAME = "$(TARGET_NAME)";
				SWIFT_VERSION = 5.0;
				TARGETED_DEVICE_FAMILY = "1,2";
			};
			name = Release;
		};
/* End XCBuildConfiguration section */

/* Begin XCConfigurationList section */
		43267737247CE0D00036C60E /* Build configuration list for PBXProject "CoreDataChallenges" */ = {
			isa = XCConfigurationList;
			buildConfigurations = (
				43267751247CE0D20036C60E /* Debug */,
				43267752247CE0D20036C60E /* Release */,
			);
			defaultConfigurationIsVisible = 0;
			defaultConfigurationName = Release;
		};
		43267753247CE0D20036C60E /* Build configuration list for PBXNativeTarget "CoreDataChallenges" */ = {
			isa = XCConfigurationList;
			buildConfigurations = (
				43267754247CE0D20036C60E /* Debug */,
				43267755247CE0D20036C60E /* Release */,
			);
			defaultConfigurationIsVisible = 0;
			defaultConfigurationName = Release;
		};
/* End XCConfigurationList section */

/* Begin XCVersionGroup section */
		43267743247CE0D00036C60E /* CoreDataChallenges.xcdatamodeld */ = {
			isa = XCVersionGroup;
			children = (
				43267744247CE0D00036C60E /* CoreDataChallenges.xcdatamodel */,
			);
			currentVersion = 43267744247CE0D00036C60E /* CoreDataChallenges.xcdatamodel */;
			path = CoreDataChallenges.xcdatamodeld;
			sourceTree = "<group>";
			versionGroupType = wrapper.xcdatamodel;
		};
/* End XCVersionGroup section */
	};
	rootObject = 43267734247CE0D00036C60E /* Project object */;
}
