// !$*UTF8*$!
{
	archiveVersion = 1;
	classes = {
	};
	objectVersion = 50;
	objects = {

/* Begin PBXBuildFile section */
		43176D5824B47EC000D848B0 /* Favorites.swift in Sources */ = {isa = PBXBuildFile; fileRef = 43176D5724B47EC000D848B0 /* Favorites.swift */; };
		4348C13324B588EB007E5804 /* FilterView.swift in Sources */ = {isa = PBXBuildFile; fileRef = 4348C13224B588EB007E5804 /* FilterView.swift */; };
		43A3E04E24B438A20023ACD7 /* AppDelegate.swift in Sources */ = {isa = PBXBuildFile; fileRef = 43A3E04D24B438A20023ACD7 /* AppDelegate.swift */; };
		43A3E05024B438A20023ACD7 /* SceneDelegate.swift in Sources */ = {isa = PBXBuildFile; fileRef = 43A3E04F24B438A20023ACD7 /* SceneDelegate.swift */; };
		43A3E05224B438A20023ACD7 /* ContentView.swift in Sources */ = {isa = PBXBuildFile; fileRef = 43A3E05124B438A20023ACD7 /* ContentView.swift */; };
		43A3E05424B438A50023ACD7 /* Assets.xcassets in Resources */ = {isa = PBXBuildFile; fileRef = 43A3E05324B438A50023ACD7 /* Assets.xcassets */; };
		43A3E05724B438A50023ACD7 /* Preview Assets.xcassets in Resources */ = {isa = PBXBuildFile; fileRef = 43A3E05624B438A50023ACD7 /* Preview Assets.xcassets */; };
		43A3E05A24B438A50023ACD7 /* LaunchScreen.storyboard in Resources */ = {isa = PBXBuildFile; fileRef = 43A3E05824B438A50023ACD7 /* LaunchScreen.storyboard */; };
		43A3E06224B443D50023ACD7 /* resorts.json in Resources */ = {isa = PBXBuildFile; fileRef = 43A3E06124B443D40023ACD7 /* resorts.json */; };
		43A3E06424B44AC40023ACD7 /* Resort.swift in Sources */ = {isa = PBXBuildFile; fileRef = 43A3E06324B44AC40023ACD7 /* Resort.swift */; };
		43A3E06624B44C130023ACD7 /* Bundle-Decodable..swift in Sources */ = {isa = PBXBuildFile; fileRef = 43A3E06524B44C130023ACD7 /* Bundle-Decodable..swift */; };
		43A3E06824B4500C0023ACD7 /* WelcomeView.swift in Sources */ = {isa = PBXBuildFile; fileRef = 43A3E06724B4500C0023ACD7 /* WelcomeView.swift */; };
		43A3E06A24B4529D0023ACD7 /* ResortView.swift in Sources */ = {isa = PBXBuildFile; fileRef = 43A3E06924B4529D0023ACD7 /* ResortView.swift */; };
		43A3E06D24B4544E0023ACD7 /* SkiDetailsView.swift in Sources */ = {isa = PBXBuildFile; fileRef = 43A3E06C24B4544E0023ACD7 /* SkiDetailsView.swift */; };
		43A3E06F24B454AB0023ACD7 /* ResortDetailsView.swift in Sources */ = {isa = PBXBuildFile; fileRef = 43A3E06E24B454AB0023ACD7 /* ResortDetailsView.swift */; };
		43A3E07124B4741C0023ACD7 /* Facility.swift in Sources */ = {isa = PBXBuildFile; fileRef = 43A3E07024B4741C0023ACD7 /* Facility.swift */; };
/* End PBXBuildFile section */

/* Begin PBXFileReference section */
		43176D5724B47EC000D848B0 /* Favorites.swift */ = {isa = PBXFileReference; lastKnownFileType = sourcecode.swift; path = Favorites.swift; sourceTree = "<group>"; };
		4348C13224B588EB007E5804 /* FilterView.swift */ = {isa = PBXFileReference; lastKnownFileType = sourcecode.swift; path = FilterView.swift; sourceTree = "<group>"; };
		43A3E04A24B438A20023ACD7 /* SnowSeeker.app */ = {isa = PBXFileReference; explicitFileType = wrapper.application; includeInIndex = 0; path = SnowSeeker.app; sourceTree = BUILT_PRODUCTS_DIR; };
		43A3E04D24B438A20023ACD7 /* AppDelegate.swift */ = {isa = PBXFileReference; lastKnownFileType = sourcecode.swift; path = AppDelegate.swift; sourceTree = "<group>"; };
		43A3E04F24B438A20023ACD7 /* SceneDelegate.swift */ = {isa = PBXFileReference; lastKnownFileType = sourcecode.swift; path = SceneDelegate.swift; sourceTree = "<group>"; };
		43A3E05124B438A20023ACD7 /* ContentView.swift */ = {isa = PBXFileReference; lastKnownFileType = sourcecode.swift; path = ContentView.swift; sourceTree = "<group>"; };
		43A3E05324B438A50023ACD7 /* Assets.xcassets */ = {isa = PBXFileReference; lastKnownFileType = folder.assetcatalog; path = Assets.xcassets; sourceTree = "<group>"; };
		43A3E05624B438A50023ACD7 /* Preview Assets.xcassets */ = {isa = PBXFileReference; lastKnownFileType = folder.assetcatalog; path = "Preview Assets.xcassets"; sourceTree = "<group>"; };
		43A3E05924B438A50023ACD7 /* Base */ = {isa = PBXFileReference; lastKnownFileType = file.storyboard; name = Base; path = Base.lproj/LaunchScreen.storyboard; sourceTree = "<group>"; };
		43A3E05B24B438A50023ACD7 /* Info.plist */ = {isa = PBXFileReference; lastKnownFileType = text.plist.xml; path = Info.plist; sourceTree = "<group>"; };
		43A3E06124B443D40023ACD7 /* resorts.json */ = {isa = PBXFileReference; fileEncoding = 4; lastKnownFileType = text.json; path = resorts.json; sourceTree = "<group>"; };
		43A3E06324B44AC40023ACD7 /* Resort.swift */ = {isa = PBXFileReference; lastKnownFileType = sourcecode.swift; path = Resort.swift; sourceTree = "<group>"; };
		43A3E06524B44C130023ACD7 /* Bundle-Decodable..swift */ = {isa = PBXFileReference; lastKnownFileType = sourcecode.swift; path = "Bundle-Decodable..swift"; sourceTree = "<group>"; };
		43A3E06724B4500C0023ACD7 /* WelcomeView.swift */ = {isa = PBXFileReference; lastKnownFileType = sourcecode.swift; path = WelcomeView.swift; sourceTree = "<group>"; };
		43A3E06924B4529D0023ACD7 /* ResortView.swift */ = {isa = PBXFileReference; lastKnownFileType = sourcecode.swift; path = ResortView.swift; sourceTree = "<group>"; };
		43A3E06C24B4544E0023ACD7 /* SkiDetailsView.swift */ = {isa = PBXFileReference; lastKnownFileType = sourcecode.swift; path = SkiDetailsView.swift; sourceTree = SOURCE_ROOT; };
		43A3E06E24B454AB0023ACD7 /* ResortDetailsView.swift */ = {isa = PBXFileReference; lastKnownFileType = sourcecode.swift; path = ResortDetailsView.swift; sourceTree = "<group>"; };
		43A3E07024B4741C0023ACD7 /* Facility.swift */ = {isa = PBXFileReference; lastKnownFileType = sourcecode.swift; path = Facility.swift; sourceTree = "<group>"; };
/* End PBXFileReference section */

/* Begin PBXFrameworksBuildPhase section */
		43A3E04724B438A20023ACD7 /* Frameworks */ = {
			isa = PBXFrameworksBuildPhase;
			buildActionMask = 2147483647;
			files = (
			);
			runOnlyForDeploymentPostprocessing = 0;
		};
/* End PBXFrameworksBuildPhase section */

/* Begin PBXGroup section */
		43A3E04124B438A20023ACD7 = {
			isa = PBXGroup;
			children = (
				43A3E04C24B438A20023ACD7 /* SnowSeeker */,
				43A3E04B24B438A20023ACD7 /* Products */,
			);
			sourceTree = "<group>";
		};
		43A3E04B24B438A20023ACD7 /* Products */ = {
			isa = PBXGroup;
			children = (
				43A3E04A24B438A20023ACD7 /* SnowSeeker.app */,
			);
			name = Products;
			sourceTree = "<group>";
		};
		43A3E04C24B438A20023ACD7 /* SnowSeeker */ = {
			isa = PBXGroup;
			children = (
				43A3E06C24B4544E0023ACD7 /* SkiDetailsView.swift */,
				43A3E06E24B454AB0023ACD7 /* ResortDetailsView.swift */,
				43A3E04D24B438A20023ACD7 /* AppDelegate.swift */,
				43A3E04F24B438A20023ACD7 /* SceneDelegate.swift */,
				43A3E05124B438A20023ACD7 /* ContentView.swift */,
				4348C13224B588EB007E5804 /* FilterView.swift */,
				43A3E06924B4529D0023ACD7 /* ResortView.swift */,
				43A3E07024B4741C0023ACD7 /* Facility.swift */,
				43A3E06724B4500C0023ACD7 /* WelcomeView.swift */,
				43A3E06324B44AC40023ACD7 /* Resort.swift */,
				43176D5724B47EC000D848B0 /* Favorites.swift */,
				43A3E06524B44C130023ACD7 /* Bundle-Decodable..swift */,
				43A3E05324B438A50023ACD7 /* Assets.xcassets */,
				43A3E05824B438A50023ACD7 /* LaunchScreen.storyboard */,
				43A3E05B24B438A50023ACD7 /* Info.plist */,
				43A3E06124B443D40023ACD7 /* resorts.json */,
				43A3E05524B438A50023ACD7 /* Preview Content */,
			);
			path = SnowSeeker;
			sourceTree = "<group>";
		};
		43A3E05524B438A50023ACD7 /* Preview Content */ = {
			isa = PBXGroup;
			children = (
				43A3E05624B438A50023ACD7 /* Preview Assets.xcassets */,
			);
			path = "Preview Content";
			sourceTree = "<group>";
		};
/* End PBXGroup section */

/* Begin PBXNativeTarget section */
		43A3E04924B438A20023ACD7 /* SnowSeeker */ = {
			isa = PBXNativeTarget;
			buildConfigurationList = 43A3E05E24B438A50023ACD7 /* Build configuration list for PBXNativeTarget "SnowSeeker" */;
			buildPhases = (
				43A3E04624B438A20023ACD7 /* Sources */,
				43A3E04724B438A20023ACD7 /* Frameworks */,
				43A3E04824B438A20023ACD7 /* Resources */,
			);
			buildRules = (
			);
			dependencies = (
			);
			name = SnowSeeker;
			productName = SnowSeeker;
			productReference = 43A3E04A24B438A20023ACD7 /* SnowSeeker.app */;
			productType = "com.apple.product-type.application";
		};
/* End PBXNativeTarget section */

/* Begin PBXProject section */
		43A3E04224B438A20023ACD7 /* Project object */ = {
			isa = PBXProject;
			attributes = {
				LastSwiftUpdateCheck = 1150;
				LastUpgradeCheck = 1150;
				ORGANIZATIONNAME = Saipurva;
				TargetAttributes = {
					43A3E04924B438A20023ACD7 = {
						CreatedOnToolsVersion = 11.5;
					};
				};
			};
			buildConfigurationList = 43A3E04524B438A20023ACD7 /* Build configuration list for PBXProject "SnowSeeker" */;
			compatibilityVersion = "Xcode 9.3";
			developmentRegion = en;
			hasScannedForEncodings = 0;
			knownRegions = (
				en,
				Base,
			);
			mainGroup = 43A3E04124B438A20023ACD7;
			productRefGroup = 43A3E04B24B438A20023ACD7 /* Products */;
			projectDirPath = "";
			projectRoot = "";
			targets = (
				43A3E04924B438A20023ACD7 /* SnowSeeker */,
			);
		};
/* End PBXProject section */

/* Begin PBXResourcesBuildPhase section */
		43A3E04824B438A20023ACD7 /* Resources */ = {
			isa = PBXResourcesBuildPhase;
			buildActionMask = 2147483647;
			files = (
				43A3E05A24B438A50023ACD7 /* LaunchScreen.storyboard in Resources */,
				43A3E05724B438A50023ACD7 /* Preview Assets.xcassets in Resources */,
				43A3E06224B443D50023ACD7 /* resorts.json in Resources */,
				43A3E05424B438A50023ACD7 /* Assets.xcassets in Resources */,
			);
			runOnlyForDeploymentPostprocessing = 0;
		};
/* End PBXResourcesBuildPhase section */

/* Begin PBXSourcesBuildPhase section */
		43A3E04624B438A20023ACD7 /* Sources */ = {
			isa = PBXSourcesBuildPhase;
			buildActionMask = 2147483647;
			files = (
				43A3E04E24B438A20023ACD7 /* AppDelegate.swift in Sources */,
				43A3E06824B4500C0023ACD7 /* WelcomeView.swift in Sources */,
				43A3E07124B4741C0023ACD7 /* Facility.swift in Sources */,
				43A3E06624B44C130023ACD7 /* Bundle-Decodable..swift in Sources */,
				4348C13324B588EB007E5804 /* FilterView.swift in Sources */,
				43A3E06A24B4529D0023ACD7 /* ResortView.swift in Sources */,
				43176D5824B47EC000D848B0 /* Favorites.swift in Sources */,
				43A3E05024B438A20023ACD7 /* SceneDelegate.swift in Sources */,
				43A3E06424B44AC40023ACD7 /* Resort.swift in Sources */,
				43A3E06F24B454AB0023ACD7 /* ResortDetailsView.swift in Sources */,
				43A3E05224B438A20023ACD7 /* ContentView.swift in Sources */,
				43A3E06D24B4544E0023ACD7 /* SkiDetailsView.swift in Sources */,
			);
			runOnlyForDeploymentPostprocessing = 0;
		};
/* End PBXSourcesBuildPhase section */

/* Begin PBXVariantGroup section */
		43A3E05824B438A50023ACD7 /* LaunchScreen.storyboard */ = {
			isa = PBXVariantGroup;
			children = (
				43A3E05924B438A50023ACD7 /* Base */,
			);
			name = LaunchScreen.storyboard;
			sourceTree = "<group>";
		};
/* End PBXVariantGroup section */

/* Begin XCBuildConfiguration section */
		43A3E05C24B438A50023ACD7 /* Debug */ = {
			isa = XCBuildConfiguration;
			buildSettings = {
				ALWAYS_SEARCH_USER_PATHS = NO;
				CLANG_ANALYZER_NONNULL = YES;
				CLANG_ANALYZER_NUMBER_OBJECT_CONVERSION = YES_AGGRESSIVE;
				CLANG_CXX_LANGUAGE_STANDARD = "gnu++14";
				CLANG_CXX_LIBRARY = "libc++";
				CLANG_ENABLE_MODULES = YES;
				CLANG_ENABLE_OBJC_ARC = YES;
				CLANG_ENABLE_OBJC_WEAK = YES;
				CLANG_WARN_BLOCK_CAPTURE_AUTORELEASING = YES;
				CLANG_WARN_BOOL_CONVERSION = YES;
				CLANG_WARN_COMMA = YES;
				CLANG_WARN_CONSTANT_CONVERSION = YES;
				CLANG_WARN_DEPRECATED_OBJC_IMPLEMENTATIONS = YES;
				CLANG_WARN_DIRECT_OBJC_ISA_USAGE = YES_ERROR;
				CLANG_WARN_DOCUMENTATION_COMMENTS = YES;
				CLANG_WARN_EMPTY_BODY = YES;
				CLANG_WARN_ENUM_CONVERSION = YES;
				CLANG_WARN_INFINITE_RECURSION = YES;
				CLANG_WARN_INT_CONVERSION = YES;
				CLANG_WARN_NON_LITERAL_NULL_CONVERSION = YES;
				CLANG_WARN_OBJC_IMPLICIT_RETAIN_SELF = YES;
				CLANG_WARN_OBJC_LITERAL_CONVERSION = YES;
				CLANG_WARN_OBJC_ROOT_CLASS = YES_ERROR;
				CLANG_WARN_RANGE_LOOP_ANALYSIS = YES;
				CLANG_WARN_STRICT_PROTOTYPES = YES;
				CLANG_WARN_SUSPICIOUS_MOVE = YES;
				CLANG_WARN_UNGUARDED_AVAILABILITY = YES_AGGRESSIVE;
				CLANG_WARN_UNREACHABLE_CODE = YES;
				CLANG_WARN__DUPLICATE_METHOD_MATCH = YES;
				COPY_PHASE_STRIP = NO;
				DEBUG_INFORMATION_FORMAT = dwarf;
				ENABLE_STRICT_OBJC_MSGSEND = YES;
				ENABLE_TESTABILITY = YES;
				GCC_C_LANGUAGE_STANDARD = gnu11;
				GCC_DYNAMIC_NO_PIC = NO;
				GCC_NO_COMMON_BLOCKS = YES;
				GCC_OPTIMIZATION_LEVEL = 0;
				GCC_PREPROCESSOR_DEFINITIONS = (
					"DEBUG=1",
					"$(inherited)",
				);
				GCC_WARN_64_TO_32_BIT_CONVERSION = YES;
				GCC_WARN_ABOUT_RETURN_TYPE = YES_ERROR;
				GCC_WARN_UNDECLARED_SELECTOR = YES;
				GCC_WARN_UNINITIALIZED_AUTOS = YES_AGGRESSIVE;
				GCC_WARN_UNUSED_FUNCTION = YES;
				GCC_WARN_UNUSED_VARIABLE = YES;
				IPHONEOS_DEPLOYMENT_TARGET = 13.5;
				MTL_ENABLE_DEBUG_INFO = INCLUDE_SOURCE;
				MTL_FAST_MATH = YES;
				ONLY_ACTIVE_ARCH = YES;
				SDKROOT = iphoneos;
				SWIFT_ACTIVE_COMPILATION_CONDITIONS = DEBUG;
				SWIFT_OPTIMIZATION_LEVEL = "-Onone";
			};
			name = Debug;
		};
		43A3E05D24B438A50023ACD7 /* Release */ = {
			isa = XCBuildConfiguration;
			buildSettings = {
				ALWAYS_SEARCH_USER_PATHS = NO;
				CLANG_ANALYZER_NONNULL = YES;
				CLANG_ANALYZER_NUMBER_OBJECT_CONVERSION = YES_AGGRESSIVE;
				CLANG_CXX_LANGUAGE_STANDARD = "gnu++14";
				CLANG_CXX_LIBRARY = "libc++";
				CLANG_ENABLE_MODULES = YES;
				CLANG_ENABLE_OBJC_ARC = YES;
				CLANG_ENABLE_OBJC_WEAK = YES;
				CLANG_WARN_BLOCK_CAPTURE_AUTORELEASING = YES;
				CLANG_WARN_BOOL_CONVERSION = YES;
				CLANG_WARN_COMMA = YES;
				CLANG_WARN_CONSTANT_CONVERSION = YES;
				CLANG_WARN_DEPRECATED_OBJC_IMPLEMENTATIONS = YES;
				CLANG_WARN_DIRECT_OBJC_ISA_USAGE = YES_ERROR;
				CLANG_WARN_DOCUMENTATION_COMMENTS = YES;
				CLANG_WARN_EMPTY_BODY = YES;
				CLANG_WARN_ENUM_CONVERSION = YES;
				CLANG_WARN_INFINITE_RECURSION = YES;
				CLANG_WARN_INT_CONVERSION = YES;
				CLANG_WARN_NON_LITERAL_NULL_CONVERSION = YES;
				CLANG_WARN_OBJC_IMPLICIT_RETAIN_SELF = YES;
				CLANG_WARN_OBJC_LITERAL_CONVERSION = YES;
				CLANG_WARN_OBJC_ROOT_CLASS = YES_ERROR;
				CLANG_WARN_RANGE_LOOP_ANALYSIS = YES;
				CLANG_WARN_STRICT_PROTOTYPES = YES;
				CLANG_WARN_SUSPICIOUS_MOVE = YES;
				CLANG_WARN_UNGUARDED_AVAILABILITY = YES_AGGRESSIVE;
				CLANG_WARN_UNREACHABLE_CODE = YES;
				CLANG_WARN__DUPLICATE_METHOD_MATCH = YES;
				COPY_PHASE_STRIP = NO;
				DEBUG_INFORMATION_FORMAT = "dwarf-with-dsym";
				ENABLE_NS_ASSERTIONS = NO;
				ENABLE_STRICT_OBJC_MSGSEND = YES;
				GCC_C_LANGUAGE_STANDARD = gnu11;
				GCC_NO_COMMON_BLOCKS = YES;
				GCC_WARN_64_TO_32_BIT_CONVERSION = YES;
				GCC_WARN_ABOUT_RETURN_TYPE = YES_ERROR;
				GCC_WARN_UNDECLARED_SELECTOR = YES;
				GCC_WARN_UNINITIALIZED_AUTOS = YES_AGGRESSIVE;
				GCC_WARN_UNUSED_FUNCTION = YES;
				GCC_WARN_UNUSED_VARIABLE = YES;
				IPHONEOS_DEPLOYMENT_TARGET = 13.5;
				MTL_ENABLE_DEBUG_INFO = NO;
				MTL_FAST_MATH = YES;
				SDKROOT = iphoneos;
				SWIFT_COMPILATION_MODE = wholemodule;
				SWIFT_OPTIMIZATION_LEVEL = "-O";
				VALIDATE_PRODUCT = YES;
			};
			name = Release;
		};
		43A3E05F24B438A50023ACD7 /* Debug */ = {
			isa = XCBuildConfiguration;
			buildSettings = {
				ASSETCATALOG_COMPILER_APPICON_NAME = AppIcon;
				CODE_SIGN_STYLE = Automatic;
				DEVELOPMENT_ASSET_PATHS = "\"SnowSeeker/Preview Content\"";
				DEVELOPMENT_TEAM = JUQ5FG4GNU;
				ENABLE_PREVIEWS = YES;
				INFOPLIST_FILE = SnowSeeker/Info.plist;
				LD_RUNPATH_SEARCH_PATHS = (
					"$(inherited)",
					"@executable_path/Frameworks",
				);
				PRODUCT_BUNDLE_IDENTIFIER = saipurva.SnowSeeker;
				PRODUCT_NAME = "$(TARGET_NAME)";
				SWIFT_VERSION = 5.0;
				TARGETED_DEVICE_FAMILY = "1,2";
			};
			name = Debug;
		};
		43A3E06024B438A50023ACD7 /* Release */ = {
			isa = XCBuildConfiguration;
			buildSettings = {
				ASSETCATALOG_COMPILER_APPICON_NAME = AppIcon;
				CODE_SIGN_STYLE = Automatic;
				DEVELOPMENT_ASSET_PATHS = "\"SnowSeeker/Preview Content\"";
				DEVELOPMENT_TEAM = JUQ5FG4GNU;
				ENABLE_PREVIEWS = YES;
				INFOPLIST_FILE = SnowSeeker/Info.plist;
				LD_RUNPATH_SEARCH_PATHS = (
					"$(inherited)",
					"@executable_path/Frameworks",
				);
				PRODUCT_BUNDLE_IDENTIFIER = saipurva.SnowSeeker;
				PRODUCT_NAME = "$(TARGET_NAME)";
				SWIFT_VERSION = 5.0;
				TARGETED_DEVICE_FAMILY = "1,2";
			};
			name = Release;
		};
/* End XCBuildConfiguration section */

/* Begin XCConfigurationList section */
		43A3E04524B438A20023ACD7 /* Build configuration list for PBXProject "SnowSeeker" */ = {
			isa = XCConfigurationList;
			buildConfigurations = (
				43A3E05C24B438A50023ACD7 /* Debug */,
				43A3E05D24B438A50023ACD7 /* Release */,
			);
			defaultConfigurationIsVisible = 0;
			defaultConfigurationName = Release;
		};
		43A3E05E24B438A50023ACD7 /* Build configuration list for PBXNativeTarget "SnowSeeker" */ = {
			isa = XCConfigurationList;
			buildConfigurations = (
				43A3E05F24B438A50023ACD7 /* Debug */,
				43A3E06024B438A50023ACD7 /* Release */,
			);
			defaultConfigurationIsVisible = 0;
			defaultConfigurationName = Release;
		};
/* End XCConfigurationList section */
	};
	rootObject = 43A3E04224B438A20023ACD7 /* Project object */;
}
