// !$*UTF8*$!
{
	archiveVersion = 1;
	classes = {
	};
	objectVersion = 50;
	objects = {

/* Begin PBXBuildFile section */
		43E4983924B2EFEB00FBB124 /* AppDelegate.swift in Sources */ = {isa = PBXBuildFile; fileRef = 43E4983824B2EFEB00FBB124 /* AppDelegate.swift */; };
		43E4983B24B2EFEB00FBB124 /* SceneDelegate.swift in Sources */ = {isa = PBXBuildFile; fileRef = 43E4983A24B2EFEB00FBB124 /* SceneDelegate.swift */; };
		43E4983D24B2EFEB00FBB124 /* ContentView.swift in Sources */ = {isa = PBXBuildFile; fileRef = 43E4983C24B2EFEB00FBB124 /* ContentView.swift */; };
		43E4983F24B2EFEC00FBB124 /* Assets.xcassets in Resources */ = {isa = PBXBuildFile; fileRef = 43E4983E24B2EFEC00FBB124 /* Assets.xcassets */; };
		43E4984224B2EFEC00FBB124 /* Preview Assets.xcassets in Resources */ = {isa = PBXBuildFile; fileRef = 43E4984124B2EFEC00FBB124 /* Preview Assets.xcassets */; };
		43E4984524B2EFEC00FBB124 /* LaunchScreen.storyboard in Resources */ = {isa = PBXBuildFile; fileRef = 43E4984324B2EFEC00FBB124 /* LaunchScreen.storyboard */; };
		43E4984D24B2F21A00FBB124 /* DiceView.swift in Sources */ = {isa = PBXBuildFile; fileRef = 43E4984C24B2F21A00FBB124 /* DiceView.swift */; };
		43E4984F24B2F22600FBB124 /* DiceResults.swift in Sources */ = {isa = PBXBuildFile; fileRef = 43E4984E24B2F22600FBB124 /* DiceResults.swift */; };
		43E4985124B3024800FBB124 /* DiceValue.swift in Sources */ = {isa = PBXBuildFile; fileRef = 43E4985024B3024800FBB124 /* DiceValue.swift */; };
/* End PBXBuildFile section */

/* Begin PBXFileReference section */
		43E4983524B2EFEB00FBB124 /* RollDice.app */ = {isa = PBXFileReference; explicitFileType = wrapper.application; includeInIndex = 0; path = RollDice.app; sourceTree = BUILT_PRODUCTS_DIR; };
		43E4983824B2EFEB00FBB124 /* AppDelegate.swift */ = {isa = PBXFileReference; lastKnownFileType = sourcecode.swift; path = AppDelegate.swift; sourceTree = "<group>"; };
		43E4983A24B2EFEB00FBB124 /* SceneDelegate.swift */ = {isa = PBXFileReference; lastKnownFileType = sourcecode.swift; path = SceneDelegate.swift; sourceTree = "<group>"; };
		43E4983C24B2EFEB00FBB124 /* ContentView.swift */ = {isa = PBXFileReference; lastKnownFileType = sourcecode.swift; path = ContentView.swift; sourceTree = "<group>"; };
		43E4983E24B2EFEC00FBB124 /* Assets.xcassets */ = {isa = PBXFileReference; lastKnownFileType = folder.assetcatalog; path = Assets.xcassets; sourceTree = "<group>"; };
		43E4984124B2EFEC00FBB124 /* Preview Assets.xcassets */ = {isa = PBXFileReference; lastKnownFileType = folder.assetcatalog; path = "Preview Assets.xcassets"; sourceTree = "<group>"; };
		43E4984424B2EFEC00FBB124 /* Base */ = {isa = PBXFileReference; lastKnownFileType = file.storyboard; name = Base; path = Base.lproj/LaunchScreen.storyboard; sourceTree = "<group>"; };
		43E4984624B2EFEC00FBB124 /* Info.plist */ = {isa = PBXFileReference; lastKnownFileType = text.plist.xml; path = Info.plist; sourceTree = "<group>"; };
		43E4984C24B2F21A00FBB124 /* DiceView.swift */ = {isa = PBXFileReference; lastKnownFileType = sourcecode.swift; path = DiceView.swift; sourceTree = SOURCE_ROOT; };
		43E4984E24B2F22600FBB124 /* DiceResults.swift */ = {isa = PBXFileReference; lastKnownFileType = sourcecode.swift; path = DiceResults.swift; sourceTree = "<group>"; };
		43E4985024B3024800FBB124 /* DiceValue.swift */ = {isa = PBXFileReference; lastKnownFileType = sourcecode.swift; path = DiceValue.swift; sourceTree = "<group>"; };
/* End PBXFileReference section */

/* Begin PBXFrameworksBuildPhase section */
		43E4983224B2EFEB00FBB124 /* Frameworks */ = {
			isa = PBXFrameworksBuildPhase;
			buildActionMask = 2147483647;
			files = (
			);
			runOnlyForDeploymentPostprocessing = 0;
		};
/* End PBXFrameworksBuildPhase section */

/* Begin PBXGroup section */
		43E4982C24B2EFEB00FBB124 = {
			isa = PBXGroup;
			children = (
				43E4983724B2EFEB00FBB124 /* RollDice */,
				43E4983624B2EFEB00FBB124 /* Products */,
			);
			sourceTree = "<group>";
		};
		43E4983624B2EFEB00FBB124 /* Products */ = {
			isa = PBXGroup;
			children = (
				43E4983524B2EFEB00FBB124 /* RollDice.app */,
			);
			name = Products;
			sourceTree = "<group>";
		};
		43E4983724B2EFEB00FBB124 /* RollDice */ = {
			isa = PBXGroup;
			children = (
				43E4983824B2EFEB00FBB124 /* AppDelegate.swift */,
				43E4983A24B2EFEB00FBB124 /* SceneDelegate.swift */,
				43E4983C24B2EFEB00FBB124 /* ContentView.swift */,
				43E4984C24B2F21A00FBB124 /* DiceView.swift */,
				43E4984E24B2F22600FBB124 /* DiceResults.swift */,
				43E4985024B3024800FBB124 /* DiceValue.swift */,
				43E4983E24B2EFEC00FBB124 /* Assets.xcassets */,
				43E4984324B2EFEC00FBB124 /* LaunchScreen.storyboard */,
				43E4984624B2EFEC00FBB124 /* Info.plist */,
				43E4984024B2EFEC00FBB124 /* Preview Content */,
			);
			path = RollDice;
			sourceTree = "<group>";
		};
		43E4984024B2EFEC00FBB124 /* Preview Content */ = {
			isa = PBXGroup;
			children = (
				43E4984124B2EFEC00FBB124 /* Preview Assets.xcassets */,
			);
			path = "Preview Content";
			sourceTree = "<group>";
		};
/* End PBXGroup section */

/* Begin PBXNativeTarget section */
		43E4983424B2EFEB00FBB124 /* RollDice */ = {
			isa = PBXNativeTarget;
			buildConfigurationList = 43E4984924B2EFEC00FBB124 /* Build configuration list for PBXNativeTarget "RollDice" */;
			buildPhases = (
				43E4983124B2EFEB00FBB124 /* Sources */,
				43E4983224B2EFEB00FBB124 /* Frameworks */,
				43E4983324B2EFEB00FBB124 /* Resources */,
			);
			buildRules = (
			);
			dependencies = (
			);
			name = RollDice;
			productName = RollDice;
			productReference = 43E4983524B2EFEB00FBB124 /* RollDice.app */;
			productType = "com.apple.product-type.application";
		};
/* End PBXNativeTarget section */

/* Begin PBXProject section */
		43E4982D24B2EFEB00FBB124 /* Project object */ = {
			isa = PBXProject;
			attributes = {
				LastSwiftUpdateCheck = 1150;
				LastUpgradeCheck = 1150;
				ORGANIZATIONNAME = Saipurva;
				TargetAttributes = {
					43E4983424B2EFEB00FBB124 = {
						CreatedOnToolsVersion = 11.5;
					};
				};
			};
			buildConfigurationList = 43E4983024B2EFEB00FBB124 /* Build configuration list for PBXProject "RollDice" */;
			compatibilityVersion = "Xcode 9.3";
			developmentRegion = en;
			hasScannedForEncodings = 0;
			knownRegions = (
				en,
				Base,
			);
			mainGroup = 43E4982C24B2EFEB00FBB124;
			productRefGroup = 43E4983624B2EFEB00FBB124 /* Products */;
			projectDirPath = "";
			projectRoot = "";
			targets = (
				43E4983424B2EFEB00FBB124 /* RollDice */,
			);
		};
/* End PBXProject section */

/* Begin PBXResourcesBuildPhase section */
		43E4983324B2EFEB00FBB124 /* Resources */ = {
			isa = PBXResourcesBuildPhase;
			buildActionMask = 2147483647;
			files = (
				43E4984524B2EFEC00FBB124 /* LaunchScreen.storyboard in Resources */,
				43E4984224B2EFEC00FBB124 /* Preview Assets.xcassets in Resources */,
				43E4983F24B2EFEC00FBB124 /* Assets.xcassets in Resources */,
			);
			runOnlyForDeploymentPostprocessing = 0;
		};
/* End PBXResourcesBuildPhase section */

/* Begin PBXSourcesBuildPhase section */
		43E4983124B2EFEB00FBB124 /* Sources */ = {
			isa = PBXSourcesBuildPhase;
			buildActionMask = 2147483647;
			files = (
				43E4985124B3024800FBB124 /* DiceValue.swift in Sources */,
				43E4983924B2EFEB00FBB124 /* AppDelegate.swift in Sources */,
				43E4984D24B2F21A00FBB124 /* DiceView.swift in Sources */,
				43E4983B24B2EFEB00FBB124 /* SceneDelegate.swift in Sources */,
				43E4984F24B2F22600FBB124 /* DiceResults.swift in Sources */,
				43E4983D24B2EFEB00FBB124 /* ContentView.swift in Sources */,
			);
			runOnlyForDeploymentPostprocessing = 0;
		};
/* End PBXSourcesBuildPhase section */

/* Begin PBXVariantGroup section */
		43E4984324B2EFEC00FBB124 /* LaunchScreen.storyboard */ = {
			isa = PBXVariantGroup;
			children = (
				43E4984424B2EFEC00FBB124 /* Base */,
			);
			name = LaunchScreen.storyboard;
			sourceTree = "<group>";
		};
/* End PBXVariantGroup section */

/* Begin XCBuildConfiguration section */
		43E4984724B2EFEC00FBB124 /* Debug */ = {
			isa = XCBuildConfiguration;
			buildSettings = {
				ALWAYS_SEARCH_USER_PATHS = NO;
				CLANG_ANALYZER_NONNULL = YES;
				CLANG_ANALYZER_NUMBER_OBJECT_CONVERSION = YES_AGGRESSIVE;
				CLANG_CXX_LANGUAGE_STANDARD = "gnu++14";
				CLANG_CXX_LIBRARY = "libc++";
				CLANG_ENABLE_MODULES = YES;
				CLANG_ENABLE_OBJC_ARC = YES;
				CLANG_ENABLE_OBJC_WEAK = YES;
				CLANG_WARN_BLOCK_CAPTURE_AUTORELEASING = YES;
				CLANG_WARN_BOOL_CONVERSION = YES;
				CLANG_WARN_COMMA = YES;
				CLANG_WARN_CONSTANT_CONVERSION = YES;
				CLANG_WARN_DEPRECATED_OBJC_IMPLEMENTATIONS = YES;
				CLANG_WARN_DIRECT_OBJC_ISA_USAGE = YES_ERROR;
				CLANG_WARN_DOCUMENTATION_COMMENTS = YES;
				CLANG_WARN_EMPTY_BODY = YES;
				CLANG_WARN_ENUM_CONVERSION = YES;
				CLANG_WARN_INFINITE_RECURSION = YES;
				CLANG_WARN_INT_CONVERSION = YES;
				CLANG_WARN_NON_LITERAL_NULL_CONVERSION = YES;
				CLANG_WARN_OBJC_IMPLICIT_RETAIN_SELF = YES;
				CLANG_WARN_OBJC_LITERAL_CONVERSION = YES;
				CLANG_WARN_OBJC_ROOT_CLASS = YES_ERROR;
				CLANG_WARN_RANGE_LOOP_ANALYSIS = YES;
				CLANG_WARN_STRICT_PROTOTYPES = YES;
				CLANG_WARN_SUSPICIOUS_MOVE = YES;
				CLANG_WARN_UNGUARDED_AVAILABILITY = YES_AGGRESSIVE;
				CLANG_WARN_UNREACHABLE_CODE = YES;
				CLANG_WARN__DUPLICATE_METHOD_MATCH = YES;
				COPY_PHASE_STRIP = NO;
				DEBUG_INFORMATION_FORMAT = dwarf;
				ENABLE_STRICT_OBJC_MSGSEND = YES;
				ENABLE_TESTABILITY = YES;
				GCC_C_LANGUAGE_STANDARD = gnu11;
				GCC_DYNAMIC_NO_PIC = NO;
				GCC_NO_COMMON_BLOCKS = YES;
				GCC_OPTIMIZATION_LEVEL = 0;
				GCC_PREPROCESSOR_DEFINITIONS = (
					"DEBUG=1",
					"$(inherited)",
				);
				GCC_WARN_64_TO_32_BIT_CONVERSION = YES;
				GCC_WARN_ABOUT_RETURN_TYPE = YES_ERROR;
				GCC_WARN_UNDECLARED_SELECTOR = YES;
				GCC_WARN_UNINITIALIZED_AUTOS = YES_AGGRESSIVE;
				GCC_WARN_UNUSED_FUNCTION = YES;
				GCC_WARN_UNUSED_VARIABLE = YES;
				IPHONEOS_DEPLOYMENT_TARGET = 13.5;
				MTL_ENABLE_DEBUG_INFO = INCLUDE_SOURCE;
				MTL_FAST_MATH = YES;
				ONLY_ACTIVE_ARCH = YES;
				SDKROOT = iphoneos;
				SWIFT_ACTIVE_COMPILATION_CONDITIONS = DEBUG;
				SWIFT_OPTIMIZATION_LEVEL = "-Onone";
			};
			name = Debug;
		};
		43E4984824B2EFEC00FBB124 /* Release */ = {
			isa = XCBuildConfiguration;
			buildSettings = {
				ALWAYS_SEARCH_USER_PATHS = NO;
				CLANG_ANALYZER_NONNULL = YES;
				CLANG_ANALYZER_NUMBER_OBJECT_CONVERSION = YES_AGGRESSIVE;
				CLANG_CXX_LANGUAGE_STANDARD = "gnu++14";
				CLANG_CXX_LIBRARY = "libc++";
				CLANG_ENABLE_MODULES = YES;
				CLANG_ENABLE_OBJC_ARC = YES;
				CLANG_ENABLE_OBJC_WEAK = YES;
				CLANG_WARN_BLOCK_CAPTURE_AUTORELEASING = YES;
				CLANG_WARN_BOOL_CONVERSION = YES;
				CLANG_WARN_COMMA = YES;
				CLANG_WARN_CONSTANT_CONVERSION = YES;
				CLANG_WARN_DEPRECATED_OBJC_IMPLEMENTATIONS = YES;
				CLANG_WARN_DIRECT_OBJC_ISA_USAGE = YES_ERROR;
				CLANG_WARN_DOCUMENTATION_COMMENTS = YES;
				CLANG_WARN_EMPTY_BODY = YES;
				CLANG_WARN_ENUM_CONVERSION = YES;
				CLANG_WARN_INFINITE_RECURSION = YES;
				CLANG_WARN_INT_CONVERSION = YES;
				CLANG_WARN_NON_LITERAL_NULL_CONVERSION = YES;
				CLANG_WARN_OBJC_IMPLICIT_RETAIN_SELF = YES;
				CLANG_WARN_OBJC_LITERAL_CONVERSION = YES;
				CLANG_WARN_OBJC_ROOT_CLASS = YES_ERROR;
				CLANG_WARN_RANGE_LOOP_ANALYSIS = YES;
				CLANG_WARN_STRICT_PROTOTYPES = YES;
				CLANG_WARN_SUSPICIOUS_MOVE = YES;
				CLANG_WARN_UNGUARDED_AVAILABILITY = YES_AGGRESSIVE;
				CLANG_WARN_UNREACHABLE_CODE = YES;
				CLANG_WARN__DUPLICATE_METHOD_MATCH = YES;
				COPY_PHASE_STRIP = NO;
				DEBUG_INFORMATION_FORMAT = "dwarf-with-dsym";
				ENABLE_NS_ASSERTIONS = NO;
				ENABLE_STRICT_OBJC_MSGSEND = YES;
				GCC_C_LANGUAGE_STANDARD = gnu11;
				GCC_NO_COMMON_BLOCKS = YES;
				GCC_WARN_64_TO_32_BIT_CONVERSION = YES;
				GCC_WARN_ABOUT_RETURN_TYPE = YES_ERROR;
				GCC_WARN_UNDECLARED_SELECTOR = YES;
				GCC_WARN_UNINITIALIZED_AUTOS = YES_AGGRESSIVE;
				GCC_WARN_UNUSED_FUNCTION = YES;
				GCC_WARN_UNUSED_VARIABLE = YES;
				IPHONEOS_DEPLOYMENT_TARGET = 13.5;
				MTL_ENABLE_DEBUG_INFO = NO;
				MTL_FAST_MATH = YES;
				SDKROOT = iphoneos;
				SWIFT_COMPILATION_MODE = wholemodule;
				SWIFT_OPTIMIZATION_LEVEL = "-O";
				VALIDATE_PRODUCT = YES;
			};
			name = Release;
		};
		43E4984A24B2EFEC00FBB124 /* Debug */ = {
			isa = XCBuildConfiguration;
			buildSettings = {
				ASSETCATALOG_COMPILER_APPICON_NAME = AppIcon;
				CODE_SIGN_STYLE = Automatic;
				DEVELOPMENT_ASSET_PATHS = "\"RollDice/Preview Content\"";
				DEVELOPMENT_TEAM = JUQ5FG4GNU;
				ENABLE_PREVIEWS = YES;
				INFOPLIST_FILE = RollDice/Info.plist;
				LD_RUNPATH_SEARCH_PATHS = (
					"$(inherited)",
					"@executable_path/Frameworks",
				);
				PRODUCT_BUNDLE_IDENTIFIER = saipurva.RollDice;
				PRODUCT_NAME = "$(TARGET_NAME)";
				SWIFT_VERSION = 5.0;
				TARGETED_DEVICE_FAMILY = "1,2";
			};
			name = Debug;
		};
		43E4984B24B2EFEC00FBB124 /* Release */ = {
			isa = XCBuildConfiguration;
			buildSettings = {
				ASSETCATALOG_COMPILER_APPICON_NAME = AppIcon;
				CODE_SIGN_STYLE = Automatic;
				DEVELOPMENT_ASSET_PATHS = "\"RollDice/Preview Content\"";
				DEVELOPMENT_TEAM = JUQ5FG4GNU;
				ENABLE_PREVIEWS = YES;
				INFOPLIST_FILE = RollDice/Info.plist;
				LD_RUNPATH_SEARCH_PATHS = (
					"$(inherited)",
					"@executable_path/Frameworks",
				);
				PRODUCT_BUNDLE_IDENTIFIER = saipurva.RollDice;
				PRODUCT_NAME = "$(TARGET_NAME)";
				SWIFT_VERSION = 5.0;
				TARGETED_DEVICE_FAMILY = "1,2";
			};
			name = Release;
		};
/* End XCBuildConfiguration section */

/* Begin XCConfigurationList section */
		43E4983024B2EFEB00FBB124 /* Build configuration list for PBXProject "RollDice" */ = {
			isa = XCConfigurationList;
			buildConfigurations = (
				43E4984724B2EFEC00FBB124 /* Debug */,
				43E4984824B2EFEC00FBB124 /* Release */,
			);
			defaultConfigurationIsVisible = 0;
			defaultConfigurationName = Release;
		};
		43E4984924B2EFEC00FBB124 /* Build configuration list for PBXNativeTarget "RollDice" */ = {
			isa = XCConfigurationList;
			buildConfigurations = (
				43E4984A24B2EFEC00FBB124 /* Debug */,
				43E4984B24B2EFEC00FBB124 /* Release */,
			);
			defaultConfigurationIsVisible = 0;
			defaultConfigurationName = Release;
		};
/* End XCConfigurationList section */
	};
	rootObject = 43E4982D24B2EFEB00FBB124 /* Project object */;
}
