// !$*UTF8*$!
{
	archiveVersion = 1;
	classes = {
	};
	objectVersion = 50;
	objects = {

/* Begin PBXBuildFile section */
		431FB23B244C5B2000DDA5BF /* AppDelegate.swift in Sources */ = {isa = PBXBuildFile; fileRef = 431FB23A244C5B2000DDA5BF /* AppDelegate.swift */; };
		431FB23D244C5B2000DDA5BF /* SceneDelegate.swift in Sources */ = {isa = PBXBuildFile; fileRef = 431FB23C244C5B2000DDA5BF /* SceneDelegate.swift */; };
		431FB23F244C5B2000DDA5BF /* ContentView.swift in Sources */ = {isa = PBXBuildFile; fileRef = 431FB23E244C5B2000DDA5BF /* ContentView.swift */; };
		431FB241244C5B2900DDA5BF /* Assets.xcassets in Resources */ = {isa = PBXBuildFile; fileRef = 431FB240244C5B2900DDA5BF /* Assets.xcassets */; };
		431FB244244C5B2900DDA5BF /* Preview Assets.xcassets in Resources */ = {isa = PBXBuildFile; fileRef = 431FB243244C5B2900DDA5BF /* Preview Assets.xcassets */; };
		431FB247244C5B2900DDA5BF /* LaunchScreen.storyboard in Resources */ = {isa = PBXBuildFile; fileRef = 431FB245244C5B2900DDA5BF /* LaunchScreen.storyboard */; };
/* End PBXBuildFile section */

/* Begin PBXFileReference section */
		431FB237244C5B2000DDA5BF /* ChallengeDay25.app */ = {isa = PBXFileReference; explicitFileType = wrapper.application; includeInIndex = 0; path = ChallengeDay25.app; sourceTree = BUILT_PRODUCTS_DIR; };
		431FB23A244C5B2000DDA5BF /* AppDelegate.swift */ = {isa = PBXFileReference; lastKnownFileType = sourcecode.swift; path = AppDelegate.swift; sourceTree = "<group>"; };
		431FB23C244C5B2000DDA5BF /* SceneDelegate.swift */ = {isa = PBXFileReference; lastKnownFileType = sourcecode.swift; path = SceneDelegate.swift; sourceTree = "<group>"; };
		431FB23E244C5B2000DDA5BF /* ContentView.swift */ = {isa = PBXFileReference; lastKnownFileType = sourcecode.swift; path = ContentView.swift; sourceTree = "<group>"; };
		431FB240244C5B2900DDA5BF /* Assets.xcassets */ = {isa = PBXFileReference; lastKnownFileType = folder.assetcatalog; path = Assets.xcassets; sourceTree = "<group>"; };
		431FB243244C5B2900DDA5BF /* Preview Assets.xcassets */ = {isa = PBXFileReference; lastKnownFileType = folder.assetcatalog; path = "Preview Assets.xcassets"; sourceTree = "<group>"; };
		431FB246244C5B2900DDA5BF /* Base */ = {isa = PBXFileReference; lastKnownFileType = file.storyboard; name = Base; path = Base.lproj/LaunchScreen.storyboard; sourceTree = "<group>"; };
		431FB248244C5B2900DDA5BF /* Info.plist */ = {isa = PBXFileReference; lastKnownFileType = text.plist.xml; path = Info.plist; sourceTree = "<group>"; };
/* End PBXFileReference section */

/* Begin PBXFrameworksBuildPhase section */
		431FB234244C5B2000DDA5BF /* Frameworks */ = {
			isa = PBXFrameworksBuildPhase;
			buildActionMask = 2147483647;
			files = (
			);
			runOnlyForDeploymentPostprocessing = 0;
		};
/* End PBXFrameworksBuildPhase section */

/* Begin PBXGroup section */
		431FB22E244C5B2000DDA5BF = {
			isa = PBXGroup;
			children = (
				431FB239244C5B2000DDA5BF /* ChallengeDay25 */,
				431FB238244C5B2000DDA5BF /* Products */,
			);
			sourceTree = "<group>";
		};
		431FB238244C5B2000DDA5BF /* Products */ = {
			isa = PBXGroup;
			children = (
				431FB237244C5B2000DDA5BF /* ChallengeDay25.app */,
			);
			name = Products;
			sourceTree = "<group>";
		};
		431FB239244C5B2000DDA5BF /* ChallengeDay25 */ = {
			isa = PBXGroup;
			children = (
				431FB23A244C5B2000DDA5BF /* AppDelegate.swift */,
				431FB23C244C5B2000DDA5BF /* SceneDelegate.swift */,
				431FB23E244C5B2000DDA5BF /* ContentView.swift */,
				431FB240244C5B2900DDA5BF /* Assets.xcassets */,
				431FB245244C5B2900DDA5BF /* LaunchScreen.storyboard */,
				431FB248244C5B2900DDA5BF /* Info.plist */,
				431FB242244C5B2900DDA5BF /* Preview Content */,
			);
			path = ChallengeDay25;
			sourceTree = "<group>";
		};
		431FB242244C5B2900DDA5BF /* Preview Content */ = {
			isa = PBXGroup;
			children = (
				431FB243244C5B2900DDA5BF /* Preview Assets.xcassets */,
			);
			path = "Preview Content";
			sourceTree = "<group>";
		};
/* End PBXGroup section */

/* Begin PBXNativeTarget section */
		431FB236244C5B2000DDA5BF /* ChallengeDay25 */ = {
			isa = PBXNativeTarget;
			buildConfigurationList = 431FB24B244C5B2900DDA5BF /* Build configuration list for PBXNativeTarget "ChallengeDay25" */;
			buildPhases = (
				431FB233244C5B2000DDA5BF /* Sources */,
				431FB234244C5B2000DDA5BF /* Frameworks */,
				431FB235244C5B2000DDA5BF /* Resources */,
			);
			buildRules = (
			);
			dependencies = (
			);
			name = ChallengeDay25;
			productName = ChallengeDay25;
			productReference = 431FB237244C5B2000DDA5BF /* ChallengeDay25.app */;
			productType = "com.apple.product-type.application";
		};
/* End PBXNativeTarget section */

/* Begin PBXProject section */
		431FB22F244C5B2000DDA5BF /* Project object */ = {
			isa = PBXProject;
			attributes = {
				LastSwiftUpdateCheck = 1140;
				LastUpgradeCheck = 1140;
				ORGANIZATIONNAME = Saipurva;
				TargetAttributes = {
					431FB236244C5B2000DDA5BF = {
						CreatedOnToolsVersion = 11.4.1;
					};
				};
			};
			buildConfigurationList = 431FB232244C5B2000DDA5BF /* Build configuration list for PBXProject "ChallengeDay25" */;
			compatibilityVersion = "Xcode 9.3";
			developmentRegion = en;
			hasScannedForEncodings = 0;
			knownRegions = (
				en,
				Base,
			);
			mainGroup = 431FB22E244C5B2000DDA5BF;
			productRefGroup = 431FB238244C5B2000DDA5BF /* Products */;
			projectDirPath = "";
			projectRoot = "";
			targets = (
				431FB236244C5B2000DDA5BF /* ChallengeDay25 */,
			);
		};
/* End PBXProject section */

/* Begin PBXResourcesBuildPhase section */
		431FB235244C5B2000DDA5BF /* Resources */ = {
			isa = PBXResourcesBuildPhase;
			buildActionMask = 2147483647;
			files = (
				431FB247244C5B2900DDA5BF /* LaunchScreen.storyboard in Resources */,
				431FB244244C5B2900DDA5BF /* Preview Assets.xcassets in Resources */,
				431FB241244C5B2900DDA5BF /* Assets.xcassets in Resources */,
			);
			runOnlyForDeploymentPostprocessing = 0;
		};
/* End PBXResourcesBuildPhase section */

/* Begin PBXSourcesBuildPhase section */
		431FB233244C5B2000DDA5BF /* Sources */ = {
			isa = PBXSourcesBuildPhase;
			buildActionMask = 2147483647;
			files = (
				431FB23B244C5B2000DDA5BF /* AppDelegate.swift in Sources */,
				431FB23D244C5B2000DDA5BF /* SceneDelegate.swift in Sources */,
				431FB23F244C5B2000DDA5BF /* ContentView.swift in Sources */,
			);
			runOnlyForDeploymentPostprocessing = 0;
		};
/* End PBXSourcesBuildPhase section */

/* Begin PBXVariantGroup section */
		431FB245244C5B2900DDA5BF /* LaunchScreen.storyboard */ = {
			isa = PBXVariantGroup;
			children = (
				431FB246244C5B2900DDA5BF /* Base */,
			);
			name = LaunchScreen.storyboard;
			sourceTree = "<group>";
		};
/* End PBXVariantGroup section */

/* Begin XCBuildConfiguration section */
		431FB249244C5B2900DDA5BF /* Debug */ = {
			isa = XCBuildConfiguration;
			buildSettings = {
				ALWAYS_SEARCH_USER_PATHS = NO;
				CLANG_ANALYZER_NONNULL = YES;
				CLANG_ANALYZER_NUMBER_OBJECT_CONVERSION = YES_AGGRESSIVE;
				CLANG_CXX_LANGUAGE_STANDARD = "gnu++14";
				CLANG_CXX_LIBRARY = "libc++";
				CLANG_ENABLE_MODULES = YES;
				CLANG_ENABLE_OBJC_ARC = YES;
				CLANG_ENABLE_OBJC_WEAK = YES;
				CLANG_WARN_BLOCK_CAPTURE_AUTORELEASING = YES;
				CLANG_WARN_BOOL_CONVERSION = YES;
				CLANG_WARN_COMMA = YES;
				CLANG_WARN_CONSTANT_CONVERSION = YES;
				CLANG_WARN_DEPRECATED_OBJC_IMPLEMENTATIONS = YES;
				CLANG_WARN_DIRECT_OBJC_ISA_USAGE = YES_ERROR;
				CLANG_WARN_DOCUMENTATION_COMMENTS = YES;
				CLANG_WARN_EMPTY_BODY = YES;
				CLANG_WARN_ENUM_CONVERSION = YES;
				CLANG_WARN_INFINITE_RECURSION = YES;
				CLANG_WARN_INT_CONVERSION = YES;
				CLANG_WARN_NON_LITERAL_NULL_CONVERSION = YES;
				CLANG_WARN_OBJC_IMPLICIT_RETAIN_SELF = YES;
				CLANG_WARN_OBJC_LITERAL_CONVERSION = YES;
				CLANG_WARN_OBJC_ROOT_CLASS = YES_ERROR;
				CLANG_WARN_RANGE_LOOP_ANALYSIS = YES;
				CLANG_WARN_STRICT_PROTOTYPES = YES;
				CLANG_WARN_SUSPICIOUS_MOVE = YES;
				CLANG_WARN_UNGUARDED_AVAILABILITY = YES_AGGRESSIVE;
				CLANG_WARN_UNREACHABLE_CODE = YES;
				CLANG_WARN__DUPLICATE_METHOD_MATCH = YES;
				COPY_PHASE_STRIP = NO;
				DEBUG_INFORMATION_FORMAT = dwarf;
				ENABLE_STRICT_OBJC_MSGSEND = YES;
				ENABLE_TESTABILITY = YES;
				GCC_C_LANGUAGE_STANDARD = gnu11;
				GCC_DYNAMIC_NO_PIC = NO;
				GCC_NO_COMMON_BLOCKS = YES;
				GCC_OPTIMIZATION_LEVEL = 0;
				GCC_PREPROCESSOR_DEFINITIONS = (
					"DEBUG=1",
					"$(inherited)",
				);
				GCC_WARN_64_TO_32_BIT_CONVERSION = YES;
				GCC_WARN_ABOUT_RETURN_TYPE = YES_ERROR;
				GCC_WARN_UNDECLARED_SELECTOR = YES;
				GCC_WARN_UNINITIALIZED_AUTOS = YES_AGGRESSIVE;
				GCC_WARN_UNUSED_FUNCTION = YES;
				GCC_WARN_UNUSED_VARIABLE = YES;
				IPHONEOS_DEPLOYMENT_TARGET = 13.4;
				MTL_ENABLE_DEBUG_INFO = INCLUDE_SOURCE;
				MTL_FAST_MATH = YES;
				ONLY_ACTIVE_ARCH = YES;
				SDKROOT = iphoneos;
				SWIFT_ACTIVE_COMPILATION_CONDITIONS = DEBUG;
				SWIFT_OPTIMIZATION_LEVEL = "-Onone";
			};
			name = Debug;
		};
		431FB24A244C5B2900DDA5BF /* Release */ = {
			isa = XCBuildConfiguration;
			buildSettings = {
				ALWAYS_SEARCH_USER_PATHS = NO;
				CLANG_ANALYZER_NONNULL = YES;
				CLANG_ANALYZER_NUMBER_OBJECT_CONVERSION = YES_AGGRESSIVE;
				CLANG_CXX_LANGUAGE_STANDARD = "gnu++14";
				CLANG_CXX_LIBRARY = "libc++";
				CLANG_ENABLE_MODULES = YES;
				CLANG_ENABLE_OBJC_ARC = YES;
				CLANG_ENABLE_OBJC_WEAK = YES;
				CLANG_WARN_BLOCK_CAPTURE_AUTORELEASING = YES;
				CLANG_WARN_BOOL_CONVERSION = YES;
				CLANG_WARN_COMMA = YES;
				CLANG_WARN_CONSTANT_CONVERSION = YES;
				CLANG_WARN_DEPRECATED_OBJC_IMPLEMENTATIONS = YES;
				CLANG_WARN_DIRECT_OBJC_ISA_USAGE = YES_ERROR;
				CLANG_WARN_DOCUMENTATION_COMMENTS = YES;
				CLANG_WARN_EMPTY_BODY = YES;
				CLANG_WARN_ENUM_CONVERSION = YES;
				CLANG_WARN_INFINITE_RECURSION = YES;
				CLANG_WARN_INT_CONVERSION = YES;
				CLANG_WARN_NON_LITERAL_NULL_CONVERSION = YES;
				CLANG_WARN_OBJC_IMPLICIT_RETAIN_SELF = YES;
				CLANG_WARN_OBJC_LITERAL_CONVERSION = YES;
				CLANG_WARN_OBJC_ROOT_CLASS = YES_ERROR;
				CLANG_WARN_RANGE_LOOP_ANALYSIS = YES;
				CLANG_WARN_STRICT_PROTOTYPES = YES;
				CLANG_WARN_SUSPICIOUS_MOVE = YES;
				CLANG_WARN_UNGUARDED_AVAILABILITY = YES_AGGRESSIVE;
				CLANG_WARN_UNREACHABLE_CODE = YES;
				CLANG_WARN__DUPLICATE_METHOD_MATCH = YES;
				COPY_PHASE_STRIP = NO;
				DEBUG_INFORMATION_FORMAT = "dwarf-with-dsym";
				ENABLE_NS_ASSERTIONS = NO;
				ENABLE_STRICT_OBJC_MSGSEND = YES;
				GCC_C_LANGUAGE_STANDARD = gnu11;
				GCC_NO_COMMON_BLOCKS = YES;
				GCC_WARN_64_TO_32_BIT_CONVERSION = YES;
				GCC_WARN_ABOUT_RETURN_TYPE = YES_ERROR;
				GCC_WARN_UNDECLARED_SELECTOR = YES;
				GCC_WARN_UNINITIALIZED_AUTOS = YES_AGGRESSIVE;
				GCC_WARN_UNUSED_FUNCTION = YES;
				GCC_WARN_UNUSED_VARIABLE = YES;
				IPHONEOS_DEPLOYMENT_TARGET = 13.4;
				MTL_ENABLE_DEBUG_INFO = NO;
				MTL_FAST_MATH = YES;
				SDKROOT = iphoneos;
				SWIFT_COMPILATION_MODE = wholemodule;
				SWIFT_OPTIMIZATION_LEVEL = "-O";
				VALIDATE_PRODUCT = YES;
			};
			name = Release;
		};
		431FB24C244C5B2900DDA5BF /* Debug */ = {
			isa = XCBuildConfiguration;
			buildSettings = {
				ASSETCATALOG_COMPILER_APPICON_NAME = AppIcon;
				CODE_SIGN_STYLE = Automatic;
				DEVELOPMENT_ASSET_PATHS = "\"ChallengeDay25/Preview Content\"";
				DEVELOPMENT_TEAM = JUQ5FG4GNU;
				ENABLE_PREVIEWS = YES;
				INFOPLIST_FILE = ChallengeDay25/Info.plist;
				LD_RUNPATH_SEARCH_PATHS = (
					"$(inherited)",
					"@executable_path/Frameworks",
				);
				PRODUCT_BUNDLE_IDENTIFIER = saipurva.ChallengeDay25;
				PRODUCT_NAME = "$(TARGET_NAME)";
				SWIFT_VERSION = 5.0;
				TARGETED_DEVICE_FAMILY = "1,2";
			};
			name = Debug;
		};
		431FB24D244C5B2900DDA5BF /* Release */ = {
			isa = XCBuildConfiguration;
			buildSettings = {
				ASSETCATALOG_COMPILER_APPICON_NAME = AppIcon;
				CODE_SIGN_STYLE = Automatic;
				DEVELOPMENT_ASSET_PATHS = "\"ChallengeDay25/Preview Content\"";
				DEVELOPMENT_TEAM = JUQ5FG4GNU;
				ENABLE_PREVIEWS = YES;
				INFOPLIST_FILE = ChallengeDay25/Info.plist;
				LD_RUNPATH_SEARCH_PATHS = (
					"$(inherited)",
					"@executable_path/Frameworks",
				);
				PRODUCT_BUNDLE_IDENTIFIER = saipurva.ChallengeDay25;
				PRODUCT_NAME = "$(TARGET_NAME)";
				SWIFT_VERSION = 5.0;
				TARGETED_DEVICE_FAMILY = "1,2";
			};
			name = Release;
		};
/* End XCBuildConfiguration section */

/* Begin XCConfigurationList section */
		431FB232244C5B2000DDA5BF /* Build configuration list for PBXProject "ChallengeDay25" */ = {
			isa = XCConfigurationList;
			buildConfigurations = (
				431FB249244C5B2900DDA5BF /* Debug */,
				431FB24A244C5B2900DDA5BF /* Release */,
			);
			defaultConfigurationIsVisible = 0;
			defaultConfigurationName = Release;
		};
		431FB24B244C5B2900DDA5BF /* Build configuration list for PBXNativeTarget "ChallengeDay25" */ = {
			isa = XCConfigurationList;
			buildConfigurations = (
				431FB24C244C5B2900DDA5BF /* Debug */,
				431FB24D244C5B2900DDA5BF /* Release */,
			);
			defaultConfigurationIsVisible = 0;
			defaultConfigurationName = Release;
		};
/* End XCConfigurationList section */
	};
	rootObject = 431FB22F244C5B2000DDA5BF /* Project object */;
}
