// !$*UTF8*$!
{
	archiveVersion = 1;
	classes = {
	};
	objectVersion = 50;
	objects = {

/* Begin PBXBuildFile section */
		434F952E2479285500FCED63 /* DetailedView.swift in Sources */ = {isa = PBXBuildFile; fileRef = 434F952D2479285500FCED63 /* DetailedView.swift */; };
		4371A7CB2478FAB800B3F11A /* AddBook.swift in Sources */ = {isa = PBXBuildFile; fileRef = 4371A7CA2478FAB800B3F11A /* AddBook.swift */; };
		4371A7CD2479004C00B3F11A /* RatingView.swift in Sources */ = {isa = PBXBuildFile; fileRef = 4371A7CC2479004C00B3F11A /* RatingView.swift */; };
		4371A7CF247902AD00B3F11A /* EmojiView.swift in Sources */ = {isa = PBXBuildFile; fileRef = 4371A7CE247902AD00B3F11A /* EmojiView.swift */; };
		438343CA2477BB3D00EA1C3C /* AppDelegate.swift in Sources */ = {isa = PBXBuildFile; fileRef = 438343C92477BB3D00EA1C3C /* AppDelegate.swift */; };
		438343CC2477BB3D00EA1C3C /* SceneDelegate.swift in Sources */ = {isa = PBXBuildFile; fileRef = 438343CB2477BB3D00EA1C3C /* SceneDelegate.swift */; };
		438343CF2477BB3D00EA1C3C /* Bookworm.xcdatamodeld in Sources */ = {isa = PBXBuildFile; fileRef = 438343CD2477BB3D00EA1C3C /* Bookworm.xcdatamodeld */; };
		438343D12477BB3D00EA1C3C /* ContentView.swift in Sources */ = {isa = PBXBuildFile; fileRef = 438343D02477BB3D00EA1C3C /* ContentView.swift */; };
		438343D32477BB4100EA1C3C /* Assets.xcassets in Resources */ = {isa = PBXBuildFile; fileRef = 438343D22477BB4100EA1C3C /* Assets.xcassets */; };
		438343D62477BB4100EA1C3C /* Preview Assets.xcassets in Resources */ = {isa = PBXBuildFile; fileRef = 438343D52477BB4100EA1C3C /* Preview Assets.xcassets */; };
		438343D92477BB4100EA1C3C /* LaunchScreen.storyboard in Resources */ = {isa = PBXBuildFile; fileRef = 438343D72477BB4100EA1C3C /* LaunchScreen.storyboard */; };
/* End PBXBuildFile section */

/* Begin PBXFileReference section */
		434F952D2479285500FCED63 /* DetailedView.swift */ = {isa = PBXFileReference; lastKnownFileType = sourcecode.swift; path = DetailedView.swift; sourceTree = "<group>"; };
		4371A7CA2478FAB800B3F11A /* AddBook.swift */ = {isa = PBXFileReference; lastKnownFileType = sourcecode.swift; path = AddBook.swift; sourceTree = "<group>"; };
		4371A7CC2479004C00B3F11A /* RatingView.swift */ = {isa = PBXFileReference; lastKnownFileType = sourcecode.swift; path = RatingView.swift; sourceTree = "<group>"; };
		4371A7CE247902AD00B3F11A /* EmojiView.swift */ = {isa = PBXFileReference; lastKnownFileType = sourcecode.swift; path = EmojiView.swift; sourceTree = "<group>"; };
		438343C62477BB3D00EA1C3C /* Bookworm.app */ = {isa = PBXFileReference; explicitFileType = wrapper.application; includeInIndex = 0; path = Bookworm.app; sourceTree = BUILT_PRODUCTS_DIR; };
		438343C92477BB3D00EA1C3C /* AppDelegate.swift */ = {isa = PBXFileReference; lastKnownFileType = sourcecode.swift; path = AppDelegate.swift; sourceTree = "<group>"; };
		438343CB2477BB3D00EA1C3C /* SceneDelegate.swift */ = {isa = PBXFileReference; lastKnownFileType = sourcecode.swift; path = SceneDelegate.swift; sourceTree = "<group>"; };
		438343CE2477BB3D00EA1C3C /* Bookworm.xcdatamodel */ = {isa = PBXFileReference; lastKnownFileType = wrapper.xcdatamodel; path = Bookworm.xcdatamodel; sourceTree = "<group>"; };
		438343D02477BB3D00EA1C3C /* ContentView.swift */ = {isa = PBXFileReference; lastKnownFileType = sourcecode.swift; path = ContentView.swift; sourceTree = "<group>"; };
		438343D22477BB4100EA1C3C /* Assets.xcassets */ = {isa = PBXFileReference; lastKnownFileType = folder.assetcatalog; path = Assets.xcassets; sourceTree = "<group>"; };
		438343D52477BB4100EA1C3C /* Preview Assets.xcassets */ = {isa = PBXFileReference; lastKnownFileType = folder.assetcatalog; path = "Preview Assets.xcassets"; sourceTree = "<group>"; };
		438343D82477BB4100EA1C3C /* Base */ = {isa = PBXFileReference; lastKnownFileType = file.storyboard; name = Base; path = Base.lproj/LaunchScreen.storyboard; sourceTree = "<group>"; };
		438343DA2477BB4100EA1C3C /* Info.plist */ = {isa = PBXFileReference; lastKnownFileType = text.plist.xml; path = Info.plist; sourceTree = "<group>"; };
/* End PBXFileReference section */

/* Begin PBXFrameworksBuildPhase section */
		438343C32477BB3D00EA1C3C /* Frameworks */ = {
			isa = PBXFrameworksBuildPhase;
			buildActionMask = 2147483647;
			files = (
			);
			runOnlyForDeploymentPostprocessing = 0;
		};
/* End PBXFrameworksBuildPhase section */

/* Begin PBXGroup section */
		438343BD2477BB3D00EA1C3C = {
			isa = PBXGroup;
			children = (
				438343C82477BB3D00EA1C3C /* Bookworm */,
				438343C72477BB3D00EA1C3C /* Products */,
			);
			sourceTree = "<group>";
		};
		438343C72477BB3D00EA1C3C /* Products */ = {
			isa = PBXGroup;
			children = (
				438343C62477BB3D00EA1C3C /* Bookworm.app */,
			);
			name = Products;
			sourceTree = "<group>";
		};
		438343C82477BB3D00EA1C3C /* Bookworm */ = {
			isa = PBXGroup;
			children = (
				438343C92477BB3D00EA1C3C /* AppDelegate.swift */,
				438343CB2477BB3D00EA1C3C /* SceneDelegate.swift */,
				438343D02477BB3D00EA1C3C /* ContentView.swift */,
				434F952D2479285500FCED63 /* DetailedView.swift */,
				4371A7CA2478FAB800B3F11A /* AddBook.swift */,
				4371A7CE247902AD00B3F11A /* EmojiView.swift */,
				4371A7CC2479004C00B3F11A /* RatingView.swift */,
				438343D22477BB4100EA1C3C /* Assets.xcassets */,
				438343D72477BB4100EA1C3C /* LaunchScreen.storyboard */,
				438343DA2477BB4100EA1C3C /* Info.plist */,
				438343CD2477BB3D00EA1C3C /* Bookworm.xcdatamodeld */,
				438343D42477BB4100EA1C3C /* Preview Content */,
			);
			path = Bookworm;
			sourceTree = "<group>";
		};
		438343D42477BB4100EA1C3C /* Preview Content */ = {
			isa = PBXGroup;
			children = (
				438343D52477BB4100EA1C3C /* Preview Assets.xcassets */,
			);
			path = "Preview Content";
			sourceTree = "<group>";
		};
/* End PBXGroup section */

/* Begin PBXNativeTarget section */
		438343C52477BB3D00EA1C3C /* Bookworm */ = {
			isa = PBXNativeTarget;
			buildConfigurationList = 438343DD2477BB4100EA1C3C /* Build configuration list for PBXNativeTarget "Bookworm" */;
			buildPhases = (
				438343C22477BB3D00EA1C3C /* Sources */,
				438343C32477BB3D00EA1C3C /* Frameworks */,
				438343C42477BB3D00EA1C3C /* Resources */,
			);
			buildRules = (
			);
			dependencies = (
			);
			name = Bookworm;
			productName = Bookworm;
			productReference = 438343C62477BB3D00EA1C3C /* Bookworm.app */;
			productType = "com.apple.product-type.application";
		};
/* End PBXNativeTarget section */

/* Begin PBXProject section */
		438343BE2477BB3D00EA1C3C /* Project object */ = {
			isa = PBXProject;
			attributes = {
				LastSwiftUpdateCheck = 1150;
				LastUpgradeCheck = 1150;
				ORGANIZATIONNAME = Saipurva;
				TargetAttributes = {
					438343C52477BB3D00EA1C3C = {
						CreatedOnToolsVersion = 11.5;
					};
				};
			};
			buildConfigurationList = 438343C12477BB3D00EA1C3C /* Build configuration list for PBXProject "Bookworm" */;
			compatibilityVersion = "Xcode 9.3";
			developmentRegion = en;
			hasScannedForEncodings = 0;
			knownRegions = (
				en,
				Base,
			);
			mainGroup = 438343BD2477BB3D00EA1C3C;
			productRefGroup = 438343C72477BB3D00EA1C3C /* Products */;
			projectDirPath = "";
			projectRoot = "";
			targets = (
				438343C52477BB3D00EA1C3C /* Bookworm */,
			);
		};
/* End PBXProject section */

/* Begin PBXResourcesBuildPhase section */
		438343C42477BB3D00EA1C3C /* Resources */ = {
			isa = PBXResourcesBuildPhase;
			buildActionMask = 2147483647;
			files = (
				438343D92477BB4100EA1C3C /* LaunchScreen.storyboard in Resources */,
				438343D62477BB4100EA1C3C /* Preview Assets.xcassets in Resources */,
				438343D32477BB4100EA1C3C /* Assets.xcassets in Resources */,
			);
			runOnlyForDeploymentPostprocessing = 0;
		};
/* End PBXResourcesBuildPhase section */

/* Begin PBXSourcesBuildPhase section */
		438343C22477BB3D00EA1C3C /* Sources */ = {
			isa = PBXSourcesBuildPhase;
			buildActionMask = 2147483647;
			files = (
				438343CA2477BB3D00EA1C3C /* AppDelegate.swift in Sources */,
				438343CF2477BB3D00EA1C3C /* Bookworm.xcdatamodeld in Sources */,
				438343D12477BB3D00EA1C3C /* ContentView.swift in Sources */,
				4371A7CF247902AD00B3F11A /* EmojiView.swift in Sources */,
				434F952E2479285500FCED63 /* DetailedView.swift in Sources */,
				4371A7CD2479004C00B3F11A /* RatingView.swift in Sources */,
				438343CC2477BB3D00EA1C3C /* SceneDelegate.swift in Sources */,
				4371A7CB2478FAB800B3F11A /* AddBook.swift in Sources */,
			);
			runOnlyForDeploymentPostprocessing = 0;
		};
/* End PBXSourcesBuildPhase section */

/* Begin PBXVariantGroup section */
		438343D72477BB4100EA1C3C /* LaunchScreen.storyboard */ = {
			isa = PBXVariantGroup;
			children = (
				438343D82477BB4100EA1C3C /* Base */,
			);
			name = LaunchScreen.storyboard;
			sourceTree = "<group>";
		};
/* End PBXVariantGroup section */

/* Begin XCBuildConfiguration section */
		438343DB2477BB4100EA1C3C /* Debug */ = {
			isa = XCBuildConfiguration;
			buildSettings = {
				ALWAYS_SEARCH_USER_PATHS = NO;
				CLANG_ANALYZER_NONNULL = YES;
				CLANG_ANALYZER_NUMBER_OBJECT_CONVERSION = YES_AGGRESSIVE;
				CLANG_CXX_LANGUAGE_STANDARD = "gnu++14";
				CLANG_CXX_LIBRARY = "libc++";
				CLANG_ENABLE_MODULES = YES;
				CLANG_ENABLE_OBJC_ARC = YES;
				CLANG_ENABLE_OBJC_WEAK = YES;
				CLANG_WARN_BLOCK_CAPTURE_AUTORELEASING = YES;
				CLANG_WARN_BOOL_CONVERSION = YES;
				CLANG_WARN_COMMA = YES;
				CLANG_WARN_CONSTANT_CONVERSION = YES;
				CLANG_WARN_DEPRECATED_OBJC_IMPLEMENTATIONS = YES;
				CLANG_WARN_DIRECT_OBJC_ISA_USAGE = YES_ERROR;
				CLANG_WARN_DOCUMENTATION_COMMENTS = YES;
				CLANG_WARN_EMPTY_BODY = YES;
				CLANG_WARN_ENUM_CONVERSION = YES;
				CLANG_WARN_INFINITE_RECURSION = YES;
				CLANG_WARN_INT_CONVERSION = YES;
				CLANG_WARN_NON_LITERAL_NULL_CONVERSION = YES;
				CLANG_WARN_OBJC_IMPLICIT_RETAIN_SELF = YES;
				CLANG_WARN_OBJC_LITERAL_CONVERSION = YES;
				CLANG_WARN_OBJC_ROOT_CLASS = YES_ERROR;
				CLANG_WARN_RANGE_LOOP_ANALYSIS = YES;
				CLANG_WARN_STRICT_PROTOTYPES = YES;
				CLANG_WARN_SUSPICIOUS_MOVE = YES;
				CLANG_WARN_UNGUARDED_AVAILABILITY = YES_AGGRESSIVE;
				CLANG_WARN_UNREACHABLE_CODE = YES;
				CLANG_WARN__DUPLICATE_METHOD_MATCH = YES;
				COPY_PHASE_STRIP = NO;
				DEBUG_INFORMATION_FORMAT = dwarf;
				ENABLE_STRICT_OBJC_MSGSEND = YES;
				ENABLE_TESTABILITY = YES;
				GCC_C_LANGUAGE_STANDARD = gnu11;
				GCC_DYNAMIC_NO_PIC = NO;
				GCC_NO_COMMON_BLOCKS = YES;
				GCC_OPTIMIZATION_LEVEL = 0;
				GCC_PREPROCESSOR_DEFINITIONS = (
					"DEBUG=1",
					"$(inherited)",
				);
				GCC_WARN_64_TO_32_BIT_CONVERSION = YES;
				GCC_WARN_ABOUT_RETURN_TYPE = YES_ERROR;
				GCC_WARN_UNDECLARED_SELECTOR = YES;
				GCC_WARN_UNINITIALIZED_AUTOS = YES_AGGRESSIVE;
				GCC_WARN_UNUSED_FUNCTION = YES;
				GCC_WARN_UNUSED_VARIABLE = YES;
				IPHONEOS_DEPLOYMENT_TARGET = 13.5;
				MTL_ENABLE_DEBUG_INFO = INCLUDE_SOURCE;
				MTL_FAST_MATH = YES;
				ONLY_ACTIVE_ARCH = YES;
				SDKROOT = iphoneos;
				SWIFT_ACTIVE_COMPILATION_CONDITIONS = DEBUG;
				SWIFT_OPTIMIZATION_LEVEL = "-Onone";
			};
			name = Debug;
		};
		438343DC2477BB4100EA1C3C /* Release */ = {
			isa = XCBuildConfiguration;
			buildSettings = {
				ALWAYS_SEARCH_USER_PATHS = NO;
				CLANG_ANALYZER_NONNULL = YES;
				CLANG_ANALYZER_NUMBER_OBJECT_CONVERSION = YES_AGGRESSIVE;
				CLANG_CXX_LANGUAGE_STANDARD = "gnu++14";
				CLANG_CXX_LIBRARY = "libc++";
				CLANG_ENABLE_MODULES = YES;
				CLANG_ENABLE_OBJC_ARC = YES;
				CLANG_ENABLE_OBJC_WEAK = YES;
				CLANG_WARN_BLOCK_CAPTURE_AUTORELEASING = YES;
				CLANG_WARN_BOOL_CONVERSION = YES;
				CLANG_WARN_COMMA = YES;
				CLANG_WARN_CONSTANT_CONVERSION = YES;
				CLANG_WARN_DEPRECATED_OBJC_IMPLEMENTATIONS = YES;
				CLANG_WARN_DIRECT_OBJC_ISA_USAGE = YES_ERROR;
				CLANG_WARN_DOCUMENTATION_COMMENTS = YES;
				CLANG_WARN_EMPTY_BODY = YES;
				CLANG_WARN_ENUM_CONVERSION = YES;
				CLANG_WARN_INFINITE_RECURSION = YES;
				CLANG_WARN_INT_CONVERSION = YES;
				CLANG_WARN_NON_LITERAL_NULL_CONVERSION = YES;
				CLANG_WARN_OBJC_IMPLICIT_RETAIN_SELF = YES;
				CLANG_WARN_OBJC_LITERAL_CONVERSION = YES;
				CLANG_WARN_OBJC_ROOT_CLASS = YES_ERROR;
				CLANG_WARN_RANGE_LOOP_ANALYSIS = YES;
				CLANG_WARN_STRICT_PROTOTYPES = YES;
				CLANG_WARN_SUSPICIOUS_MOVE = YES;
				CLANG_WARN_UNGUARDED_AVAILABILITY = YES_AGGRESSIVE;
				CLANG_WARN_UNREACHABLE_CODE = YES;
				CLANG_WARN__DUPLICATE_METHOD_MATCH = YES;
				COPY_PHASE_STRIP = NO;
				DEBUG_INFORMATION_FORMAT = "dwarf-with-dsym";
				ENABLE_NS_ASSERTIONS = NO;
				ENABLE_STRICT_OBJC_MSGSEND = YES;
				GCC_C_LANGUAGE_STANDARD = gnu11;
				GCC_NO_COMMON_BLOCKS = YES;
				GCC_WARN_64_TO_32_BIT_CONVERSION = YES;
				GCC_WARN_ABOUT_RETURN_TYPE = YES_ERROR;
				GCC_WARN_UNDECLARED_SELECTOR = YES;
				GCC_WARN_UNINITIALIZED_AUTOS = YES_AGGRESSIVE;
				GCC_WARN_UNUSED_FUNCTION = YES;
				GCC_WARN_UNUSED_VARIABLE = YES;
				IPHONEOS_DEPLOYMENT_TARGET = 13.5;
				MTL_ENABLE_DEBUG_INFO = NO;
				MTL_FAST_MATH = YES;
				SDKROOT = iphoneos;
				SWIFT_COMPILATION_MODE = wholemodule;
				SWIFT_OPTIMIZATION_LEVEL = "-O";
				VALIDATE_PRODUCT = YES;
			};
			name = Release;
		};
		438343DE2477BB4100EA1C3C /* Debug */ = {
			isa = XCBuildConfiguration;
			buildSettings = {
				ASSETCATALOG_COMPILER_APPICON_NAME = AppIcon;
				CODE_SIGN_STYLE = Automatic;
				DEVELOPMENT_ASSET_PATHS = "\"Bookworm/Preview Content\"";
				DEVELOPMENT_TEAM = JUQ5FG4GNU;
				ENABLE_PREVIEWS = YES;
				INFOPLIST_FILE = Bookworm/Info.plist;
				LD_RUNPATH_SEARCH_PATHS = (
					"$(inherited)",
					"@executable_path/Frameworks",
				);
				PRODUCT_BUNDLE_IDENTIFIER = saipurva.Bookworm;
				PRODUCT_NAME = "$(TARGET_NAME)";
				SWIFT_VERSION = 5.0;
				TARGETED_DEVICE_FAMILY = "1,2";
			};
			name = Debug;
		};
		438343DF2477BB4100EA1C3C /* Release */ = {
			isa = XCBuildConfiguration;
			buildSettings = {
				ASSETCATALOG_COMPILER_APPICON_NAME = AppIcon;
				CODE_SIGN_STYLE = Automatic;
				DEVELOPMENT_ASSET_PATHS = "\"Bookworm/Preview Content\"";
				DEVELOPMENT_TEAM = JUQ5FG4GNU;
				ENABLE_PREVIEWS = YES;
				INFOPLIST_FILE = Bookworm/Info.plist;
				LD_RUNPATH_SEARCH_PATHS = (
					"$(inherited)",
					"@executable_path/Frameworks",
				);
				PRODUCT_BUNDLE_IDENTIFIER = saipurva.Bookworm;
				PRODUCT_NAME = "$(TARGET_NAME)";
				SWIFT_VERSION = 5.0;
				TARGETED_DEVICE_FAMILY = "1,2";
			};
			name = Release;
		};
/* End XCBuildConfiguration section */

/* Begin XCConfigurationList section */
		438343C12477BB3D00EA1C3C /* Build configuration list for PBXProject "Bookworm" */ = {
			isa = XCConfigurationList;
			buildConfigurations = (
				438343DB2477BB4100EA1C3C /* Debug */,
				438343DC2477BB4100EA1C3C /* Release */,
			);
			defaultConfigurationIsVisible = 0;
			defaultConfigurationName = Release;
		};
		438343DD2477BB4100EA1C3C /* Build configuration list for PBXNativeTarget "Bookworm" */ = {
			isa = XCConfigurationList;
			buildConfigurations = (
				438343DE2477BB4100EA1C3C /* Debug */,
				438343DF2477BB4100EA1C3C /* Release */,
			);
			defaultConfigurationIsVisible = 0;
			defaultConfigurationName = Release;
		};
/* End XCConfigurationList section */

/* Begin XCVersionGroup section */
		438343CD2477BB3D00EA1C3C /* Bookworm.xcdatamodeld */ = {
			isa = XCVersionGroup;
			children = (
				438343CE2477BB3D00EA1C3C /* Bookworm.xcdatamodel */,
			);
			currentVersion = 438343CE2477BB3D00EA1C3C /* Bookworm.xcdatamodel */;
			path = Bookworm.xcdatamodeld;
			sourceTree = "<group>";
			versionGroupType = wrapper.xcdatamodel;
		};
/* End XCVersionGroup section */
	};
	rootObject = 438343BE2477BB3D00EA1C3C /* Project object */;
}
