// !$*UTF8*$!
{
	archiveVersion = 1;
	classes = {
	};
	objectVersion = 50;
	objects = {

/* Begin PBXBuildFile section */
		43139A842488BA8F00C773B8 /* AppDelegate.swift in Sources */ = {isa = PBXBuildFile; fileRef = 43139A832488BA8F00C773B8 /* AppDelegate.swift */; };
		43139A862488BA8F00C773B8 /* SceneDelegate.swift in Sources */ = {isa = PBXBuildFile; fileRef = 43139A852488BA8F00C773B8 /* SceneDelegate.swift */; };
		43139A882488BA8F00C773B8 /* ContentView.swift in Sources */ = {isa = PBXBuildFile; fileRef = 43139A872488BA8F00C773B8 /* ContentView.swift */; };
		43139A8A2488BA9100C773B8 /* Assets.xcassets in Resources */ = {isa = PBXBuildFile; fileRef = 43139A892488BA9100C773B8 /* Assets.xcassets */; };
		43139A8D2488BA9100C773B8 /* Preview Assets.xcassets in Resources */ = {isa = PBXBuildFile; fileRef = 43139A8C2488BA9100C773B8 /* Preview Assets.xcassets */; };
		43139A902488BA9100C773B8 /* LaunchScreen.storyboard in Resources */ = {isa = PBXBuildFile; fileRef = 43139A8E2488BA9100C773B8 /* LaunchScreen.storyboard */; };
		439B20B5248A72EF00BC6C1B /* MKPointAnnotation-ObservableObject.swift in Sources */ = {isa = PBXBuildFile; fileRef = 439B20B4248A72EF00BC6C1B /* MKPointAnnotation-ObservableObject.swift */; };
		439B20B7248A73C900BC6C1B /* EditView.swift in Sources */ = {isa = PBXBuildFile; fileRef = 439B20B6248A73C900BC6C1B /* EditView.swift */; };
		439B20B9248A964200BC6C1B /* Result.swift in Sources */ = {isa = PBXBuildFile; fileRef = 439B20B8248A964200BC6C1B /* Result.swift */; };
		439B20BB248AAAAF00BC6C1B /* MKPointAnnotation-Codable.swift in Sources */ = {isa = PBXBuildFile; fileRef = 439B20BA248AAAAF00BC6C1B /* MKPointAnnotation-Codable.swift */; };
		43A5150F248A2094008752B9 /* MapView.swift in Sources */ = {isa = PBXBuildFile; fileRef = 43A5150E248A2094008752B9 /* MapView.swift */; };
		43AF67BD248B74B0007E8436 /* Unlocked.swift in Sources */ = {isa = PBXBuildFile; fileRef = 43AF67BC248B74B0007E8436 /* Unlocked.swift */; };
		43AF67BF248B7824007E8436 /* Contents.swift in Sources */ = {isa = PBXBuildFile; fileRef = 43AF67BE248B7824007E8436 /* Contents.swift */; };
/* End PBXBuildFile section */

/* Begin PBXFileReference section */
		43139A802488BA8F00C773B8 /* BucketList.app */ = {isa = PBXFileReference; explicitFileType = wrapper.application; includeInIndex = 0; path = BucketList.app; sourceTree = BUILT_PRODUCTS_DIR; };
		43139A832488BA8F00C773B8 /* AppDelegate.swift */ = {isa = PBXFileReference; lastKnownFileType = sourcecode.swift; path = AppDelegate.swift; sourceTree = "<group>"; };
		43139A852488BA8F00C773B8 /* SceneDelegate.swift */ = {isa = PBXFileReference; lastKnownFileType = sourcecode.swift; path = SceneDelegate.swift; sourceTree = "<group>"; };
		43139A872488BA8F00C773B8 /* ContentView.swift */ = {isa = PBXFileReference; lastKnownFileType = sourcecode.swift; path = ContentView.swift; sourceTree = "<group>"; };
		43139A892488BA9100C773B8 /* Assets.xcassets */ = {isa = PBXFileReference; lastKnownFileType = folder.assetcatalog; path = Assets.xcassets; sourceTree = "<group>"; };
		43139A8C2488BA9100C773B8 /* Preview Assets.xcassets */ = {isa = PBXFileReference; lastKnownFileType = folder.assetcatalog; path = "Preview Assets.xcassets"; sourceTree = "<group>"; };
		43139A8F2488BA9100C773B8 /* Base */ = {isa = PBXFileReference; lastKnownFileType = file.storyboard; name = Base; path = Base.lproj/LaunchScreen.storyboard; sourceTree = "<group>"; };
		43139A912488BA9100C773B8 /* Info.plist */ = {isa = PBXFileReference; lastKnownFileType = text.plist.xml; path = Info.plist; sourceTree = "<group>"; };
		439B20B4248A72EF00BC6C1B /* MKPointAnnotation-ObservableObject.swift */ = {isa = PBXFileReference; lastKnownFileType = sourcecode.swift; path = "MKPointAnnotation-ObservableObject.swift"; sourceTree = "<group>"; };
		439B20B6248A73C900BC6C1B /* EditView.swift */ = {isa = PBXFileReference; lastKnownFileType = sourcecode.swift; path = EditView.swift; sourceTree = "<group>"; };
		439B20B8248A964200BC6C1B /* Result.swift */ = {isa = PBXFileReference; lastKnownFileType = sourcecode.swift; path = Result.swift; sourceTree = "<group>"; };
		439B20BA248AAAAF00BC6C1B /* MKPointAnnotation-Codable.swift */ = {isa = PBXFileReference; lastKnownFileType = sourcecode.swift; path = "MKPointAnnotation-Codable.swift"; sourceTree = "<group>"; };
		43A5150E248A2094008752B9 /* MapView.swift */ = {isa = PBXFileReference; lastKnownFileType = sourcecode.swift; path = MapView.swift; sourceTree = SOURCE_ROOT; };
		43AF67BC248B74B0007E8436 /* Unlocked.swift */ = {isa = PBXFileReference; lastKnownFileType = sourcecode.swift; path = Unlocked.swift; sourceTree = "<group>"; };
		43AF67BE248B7824007E8436 /* Contents.swift */ = {isa = PBXFileReference; lastKnownFileType = sourcecode.swift; path = Contents.swift; sourceTree = "<group>"; };
/* End PBXFileReference section */

/* Begin PBXFrameworksBuildPhase section */
		43139A7D2488BA8F00C773B8 /* Frameworks */ = {
			isa = PBXFrameworksBuildPhase;
			buildActionMask = 2147483647;
			files = (
			);
			runOnlyForDeploymentPostprocessing = 0;
		};
/* End PBXFrameworksBuildPhase section */

/* Begin PBXGroup section */
		43139A772488BA8F00C773B8 = {
			isa = PBXGroup;
			children = (
				43139A822488BA8F00C773B8 /* BucketList */,
				43139A812488BA8F00C773B8 /* Products */,
			);
			sourceTree = "<group>";
		};
		43139A812488BA8F00C773B8 /* Products */ = {
			isa = PBXGroup;
			children = (
				43139A802488BA8F00C773B8 /* BucketList.app */,
			);
			name = Products;
			sourceTree = "<group>";
		};
		43139A822488BA8F00C773B8 /* BucketList */ = {
			isa = PBXGroup;
			children = (
				43139A832488BA8F00C773B8 /* AppDelegate.swift */,
				43139A852488BA8F00C773B8 /* SceneDelegate.swift */,
				43A5150E248A2094008752B9 /* MapView.swift */,
				43139A872488BA8F00C773B8 /* ContentView.swift */,
				43AF67BE248B7824007E8436 /* Contents.swift */,
				43AF67BC248B74B0007E8436 /* Unlocked.swift */,
				439B20B8248A964200BC6C1B /* Result.swift */,
				439B20BA248AAAAF00BC6C1B /* MKPointAnnotation-Codable.swift */,
				439B20B4248A72EF00BC6C1B /* MKPointAnnotation-ObservableObject.swift */,
				439B20B6248A73C900BC6C1B /* EditView.swift */,
				43139A892488BA9100C773B8 /* Assets.xcassets */,
				43139A8E2488BA9100C773B8 /* LaunchScreen.storyboard */,
				43139A912488BA9100C773B8 /* Info.plist */,
				43139A8B2488BA9100C773B8 /* Preview Content */,
			);
			path = BucketList;
			sourceTree = "<group>";
		};
		43139A8B2488BA9100C773B8 /* Preview Content */ = {
			isa = PBXGroup;
			children = (
				43139A8C2488BA9100C773B8 /* Preview Assets.xcassets */,
			);
			path = "Preview Content";
			sourceTree = "<group>";
		};
/* End PBXGroup section */

/* Begin PBXNativeTarget section */
		43139A7F2488BA8F00C773B8 /* BucketList */ = {
			isa = PBXNativeTarget;
			buildConfigurationList = 43139A942488BA9100C773B8 /* Build configuration list for PBXNativeTarget "BucketList" */;
			buildPhases = (
				43139A7C2488BA8F00C773B8 /* Sources */,
				43139A7D2488BA8F00C773B8 /* Frameworks */,
				43139A7E2488BA8F00C773B8 /* Resources */,
			);
			buildRules = (
			);
			dependencies = (
			);
			name = BucketList;
			productName = BucketList;
			productReference = 43139A802488BA8F00C773B8 /* BucketList.app */;
			productType = "com.apple.product-type.application";
		};
/* End PBXNativeTarget section */

/* Begin PBXProject section */
		43139A782488BA8F00C773B8 /* Project object */ = {
			isa = PBXProject;
			attributes = {
				LastSwiftUpdateCheck = 1150;
				LastUpgradeCheck = 1150;
				ORGANIZATIONNAME = Saipurva;
				TargetAttributes = {
					43139A7F2488BA8F00C773B8 = {
						CreatedOnToolsVersion = 11.5;
					};
				};
			};
			buildConfigurationList = 43139A7B2488BA8F00C773B8 /* Build configuration list for PBXProject "BucketList" */;
			compatibilityVersion = "Xcode 9.3";
			developmentRegion = en;
			hasScannedForEncodings = 0;
			knownRegions = (
				en,
				Base,
			);
			mainGroup = 43139A772488BA8F00C773B8;
			productRefGroup = 43139A812488BA8F00C773B8 /* Products */;
			projectDirPath = "";
			projectRoot = "";
			targets = (
				43139A7F2488BA8F00C773B8 /* BucketList */,
			);
		};
/* End PBXProject section */

/* Begin PBXResourcesBuildPhase section */
		43139A7E2488BA8F00C773B8 /* Resources */ = {
			isa = PBXResourcesBuildPhase;
			buildActionMask = 2147483647;
			files = (
				43139A902488BA9100C773B8 /* LaunchScreen.storyboard in Resources */,
				43139A8D2488BA9100C773B8 /* Preview Assets.xcassets in Resources */,
				43139A8A2488BA9100C773B8 /* Assets.xcassets in Resources */,
			);
			runOnlyForDeploymentPostprocessing = 0;
		};
/* End PBXResourcesBuildPhase section */

/* Begin PBXSourcesBuildPhase section */
		43139A7C2488BA8F00C773B8 /* Sources */ = {
			isa = PBXSourcesBuildPhase;
			buildActionMask = 2147483647;
			files = (
				43139A842488BA8F00C773B8 /* AppDelegate.swift in Sources */,
				43AF67BF248B7824007E8436 /* Contents.swift in Sources */,
				43AF67BD248B74B0007E8436 /* Unlocked.swift in Sources */,
				43A5150F248A2094008752B9 /* MapView.swift in Sources */,
				439B20B7248A73C900BC6C1B /* EditView.swift in Sources */,
				43139A862488BA8F00C773B8 /* SceneDelegate.swift in Sources */,
				439B20B9248A964200BC6C1B /* Result.swift in Sources */,
				439B20B5248A72EF00BC6C1B /* MKPointAnnotation-ObservableObject.swift in Sources */,
				439B20BB248AAAAF00BC6C1B /* MKPointAnnotation-Codable.swift in Sources */,
				43139A882488BA8F00C773B8 /* ContentView.swift in Sources */,
			);
			runOnlyForDeploymentPostprocessing = 0;
		};
/* End PBXSourcesBuildPhase section */

/* Begin PBXVariantGroup section */
		43139A8E2488BA9100C773B8 /* LaunchScreen.storyboard */ = {
			isa = PBXVariantGroup;
			children = (
				43139A8F2488BA9100C773B8 /* Base */,
			);
			name = LaunchScreen.storyboard;
			sourceTree = "<group>";
		};
/* End PBXVariantGroup section */

/* Begin XCBuildConfiguration section */
		43139A922488BA9100C773B8 /* Debug */ = {
			isa = XCBuildConfiguration;
			buildSettings = {
				ALWAYS_SEARCH_USER_PATHS = NO;
				CLANG_ANALYZER_NONNULL = YES;
				CLANG_ANALYZER_NUMBER_OBJECT_CONVERSION = YES_AGGRESSIVE;
				CLANG_CXX_LANGUAGE_STANDARD = "gnu++14";
				CLANG_CXX_LIBRARY = "libc++";
				CLANG_ENABLE_MODULES = YES;
				CLANG_ENABLE_OBJC_ARC = YES;
				CLANG_ENABLE_OBJC_WEAK = YES;
				CLANG_WARN_BLOCK_CAPTURE_AUTORELEASING = YES;
				CLANG_WARN_BOOL_CONVERSION = YES;
				CLANG_WARN_COMMA = YES;
				CLANG_WARN_CONSTANT_CONVERSION = YES;
				CLANG_WARN_DEPRECATED_OBJC_IMPLEMENTATIONS = YES;
				CLANG_WARN_DIRECT_OBJC_ISA_USAGE = YES_ERROR;
				CLANG_WARN_DOCUMENTATION_COMMENTS = YES;
				CLANG_WARN_EMPTY_BODY = YES;
				CLANG_WARN_ENUM_CONVERSION = YES;
				CLANG_WARN_INFINITE_RECURSION = YES;
				CLANG_WARN_INT_CONVERSION = YES;
				CLANG_WARN_NON_LITERAL_NULL_CONVERSION = YES;
				CLANG_WARN_OBJC_IMPLICIT_RETAIN_SELF = YES;
				CLANG_WARN_OBJC_LITERAL_CONVERSION = YES;
				CLANG_WARN_OBJC_ROOT_CLASS = YES_ERROR;
				CLANG_WARN_RANGE_LOOP_ANALYSIS = YES;
				CLANG_WARN_STRICT_PROTOTYPES = YES;
				CLANG_WARN_SUSPICIOUS_MOVE = YES;
				CLANG_WARN_UNGUARDED_AVAILABILITY = YES_AGGRESSIVE;
				CLANG_WARN_UNREACHABLE_CODE = YES;
				CLANG_WARN__DUPLICATE_METHOD_MATCH = YES;
				COPY_PHASE_STRIP = NO;
				DEBUG_INFORMATION_FORMAT = dwarf;
				ENABLE_STRICT_OBJC_MSGSEND = YES;
				ENABLE_TESTABILITY = YES;
				GCC_C_LANGUAGE_STANDARD = gnu11;
				GCC_DYNAMIC_NO_PIC = NO;
				GCC_NO_COMMON_BLOCKS = YES;
				GCC_OPTIMIZATION_LEVEL = 0;
				GCC_PREPROCESSOR_DEFINITIONS = (
					"DEBUG=1",
					"$(inherited)",
				);
				GCC_WARN_64_TO_32_BIT_CONVERSION = YES;
				GCC_WARN_ABOUT_RETURN_TYPE = YES_ERROR;
				GCC_WARN_UNDECLARED_SELECTOR = YES;
				GCC_WARN_UNINITIALIZED_AUTOS = YES_AGGRESSIVE;
				GCC_WARN_UNUSED_FUNCTION = YES;
				GCC_WARN_UNUSED_VARIABLE = YES;
				IPHONEOS_DEPLOYMENT_TARGET = 13.5;
				MTL_ENABLE_DEBUG_INFO = INCLUDE_SOURCE;
				MTL_FAST_MATH = YES;
				ONLY_ACTIVE_ARCH = YES;
				SDKROOT = iphoneos;
				SWIFT_ACTIVE_COMPILATION_CONDITIONS = DEBUG;
				SWIFT_OPTIMIZATION_LEVEL = "-Onone";
			};
			name = Debug;
		};
		43139A932488BA9100C773B8 /* Release */ = {
			isa = XCBuildConfiguration;
			buildSettings = {
				ALWAYS_SEARCH_USER_PATHS = NO;
				CLANG_ANALYZER_NONNULL = YES;
				CLANG_ANALYZER_NUMBER_OBJECT_CONVERSION = YES_AGGRESSIVE;
				CLANG_CXX_LANGUAGE_STANDARD = "gnu++14";
				CLANG_CXX_LIBRARY = "libc++";
				CLANG_ENABLE_MODULES = YES;
				CLANG_ENABLE_OBJC_ARC = YES;
				CLANG_ENABLE_OBJC_WEAK = YES;
				CLANG_WARN_BLOCK_CAPTURE_AUTORELEASING = YES;
				CLANG_WARN_BOOL_CONVERSION = YES;
				CLANG_WARN_COMMA = YES;
				CLANG_WARN_CONSTANT_CONVERSION = YES;
				CLANG_WARN_DEPRECATED_OBJC_IMPLEMENTATIONS = YES;
				CLANG_WARN_DIRECT_OBJC_ISA_USAGE = YES_ERROR;
				CLANG_WARN_DOCUMENTATION_COMMENTS = YES;
				CLANG_WARN_EMPTY_BODY = YES;
				CLANG_WARN_ENUM_CONVERSION = YES;
				CLANG_WARN_INFINITE_RECURSION = YES;
				CLANG_WARN_INT_CONVERSION = YES;
				CLANG_WARN_NON_LITERAL_NULL_CONVERSION = YES;
				CLANG_WARN_OBJC_IMPLICIT_RETAIN_SELF = YES;
				CLANG_WARN_OBJC_LITERAL_CONVERSION = YES;
				CLANG_WARN_OBJC_ROOT_CLASS = YES_ERROR;
				CLANG_WARN_RANGE_LOOP_ANALYSIS = YES;
				CLANG_WARN_STRICT_PROTOTYPES = YES;
				CLANG_WARN_SUSPICIOUS_MOVE = YES;
				CLANG_WARN_UNGUARDED_AVAILABILITY = YES_AGGRESSIVE;
				CLANG_WARN_UNREACHABLE_CODE = YES;
				CLANG_WARN__DUPLICATE_METHOD_MATCH = YES;
				COPY_PHASE_STRIP = NO;
				DEBUG_INFORMATION_FORMAT = "dwarf-with-dsym";
				ENABLE_NS_ASSERTIONS = NO;
				ENABLE_STRICT_OBJC_MSGSEND = YES;
				GCC_C_LANGUAGE_STANDARD = gnu11;
				GCC_NO_COMMON_BLOCKS = YES;
				GCC_WARN_64_TO_32_BIT_CONVERSION = YES;
				GCC_WARN_ABOUT_RETURN_TYPE = YES_ERROR;
				GCC_WARN_UNDECLARED_SELECTOR = YES;
				GCC_WARN_UNINITIALIZED_AUTOS = YES_AGGRESSIVE;
				GCC_WARN_UNUSED_FUNCTION = YES;
				GCC_WARN_UNUSED_VARIABLE = YES;
				IPHONEOS_DEPLOYMENT_TARGET = 13.5;
				MTL_ENABLE_DEBUG_INFO = NO;
				MTL_FAST_MATH = YES;
				SDKROOT = iphoneos;
				SWIFT_COMPILATION_MODE = wholemodule;
				SWIFT_OPTIMIZATION_LEVEL = "-O";
				VALIDATE_PRODUCT = YES;
			};
			name = Release;
		};
		43139A952488BA9100C773B8 /* Debug */ = {
			isa = XCBuildConfiguration;
			buildSettings = {
				ASSETCATALOG_COMPILER_APPICON_NAME = AppIcon;
				CODE_SIGN_STYLE = Automatic;
				DEVELOPMENT_ASSET_PATHS = "\"BucketList/Preview Content\"";
				DEVELOPMENT_TEAM = JUQ5FG4GNU;
				ENABLE_PREVIEWS = YES;
				INFOPLIST_FILE = BucketList/Info.plist;
				LD_RUNPATH_SEARCH_PATHS = (
					"$(inherited)",
					"@executable_path/Frameworks",
				);
				PRODUCT_BUNDLE_IDENTIFIER = saipurva.BucketList;
				PRODUCT_NAME = "$(TARGET_NAME)";
				SWIFT_VERSION = 5.0;
				TARGETED_DEVICE_FAMILY = "1,2";
			};
			name = Debug;
		};
		43139A962488BA9100C773B8 /* Release */ = {
			isa = XCBuildConfiguration;
			buildSettings = {
				ASSETCATALOG_COMPILER_APPICON_NAME = AppIcon;
				CODE_SIGN_STYLE = Automatic;
				DEVELOPMENT_ASSET_PATHS = "\"BucketList/Preview Content\"";
				DEVELOPMENT_TEAM = JUQ5FG4GNU;
				ENABLE_PREVIEWS = YES;
				INFOPLIST_FILE = BucketList/Info.plist;
				LD_RUNPATH_SEARCH_PATHS = (
					"$(inherited)",
					"@executable_path/Frameworks",
				);
				PRODUCT_BUNDLE_IDENTIFIER = saipurva.BucketList;
				PRODUCT_NAME = "$(TARGET_NAME)";
				SWIFT_VERSION = 5.0;
				TARGETED_DEVICE_FAMILY = "1,2";
			};
			name = Release;
		};
/* End XCBuildConfiguration section */

/* Begin XCConfigurationList section */
		43139A7B2488BA8F00C773B8 /* Build configuration list for PBXProject "BucketList" */ = {
			isa = XCConfigurationList;
			buildConfigurations = (
				43139A922488BA9100C773B8 /* Debug */,
				43139A932488BA9100C773B8 /* Release */,
			);
			defaultConfigurationIsVisible = 0;
			defaultConfigurationName = Release;
		};
		43139A942488BA9100C773B8 /* Build configuration list for PBXNativeTarget "BucketList" */ = {
			isa = XCConfigurationList;
			buildConfigurations = (
				43139A952488BA9100C773B8 /* Debug */,
				43139A962488BA9100C773B8 /* Release */,
			);
			defaultConfigurationIsVisible = 0;
			defaultConfigurationName = Release;
		};
/* End XCConfigurationList section */
	};
	rootObject = 43139A782488BA8F00C773B8 /* Project object */;
}
